// !$*UTF8*$!
{
	archiveVersion = 1;
	classes = {
	};
	objectVersion = 46;
	objects = {

/* Begin PBXBuildFile section */
		3E66C8A50D5B48CA02A671CA /* libPods.a in Frameworks */ = {isa = PBXBuildFile; fileRef = 28C4F5B30ACD4782672EF696 /* libPods.a */; };
		611FECE41B8C4BD7009BC2A1 /* Foundation.framework in Frameworks */ = {isa = PBXBuildFile; fileRef = 611FECE31B8C4BD7009BC2A1 /* Foundation.framework */; };
		611FECE61B8C4BD7009BC2A1 /* CoreGraphics.framework in Frameworks */ = {isa = PBXBuildFile; fileRef = 611FECE51B8C4BD7009BC2A1 /* CoreGraphics.framework */; };
		611FECE81B8C4BD7009BC2A1 /* UIKit.framework in Frameworks */ = {isa = PBXBuildFile; fileRef = 611FECE71B8C4BD7009BC2A1 /* UIKit.framework */; };
		611FECEE1B8C4BD7009BC2A1 /* InfoPlist.strings in Resources */ = {isa = PBXBuildFile; fileRef = 611FECEC1B8C4BD7009BC2A1 /* InfoPlist.strings */; };
		611FECF01B8C4BD7009BC2A1 /* main.m in Sources */ = {isa = PBXBuildFile; fileRef = 611FECEF1B8C4BD7009BC2A1 /* main.m */; };
		611FECF41B8C4BD7009BC2A1 /* wolanAppDelegate.m in Sources */ = {isa = PBXBuildFile; fileRef = 611FECF31B8C4BD7009BC2A1 /* wolanAppDelegate.m */; };
		611FECF71B8C4BD8009BC2A1 /* Main.storyboard in Resources */ = {isa = PBXBuildFile; fileRef = 611FECF51B8C4BD8009BC2A1 /* Main.storyboard */; };
		611FECFA1B8C4BD8009BC2A1 /* wolanFirstViewController.m in Sources */ = {isa = PBXBuildFile; fileRef = 611FECF91B8C4BD8009BC2A1 /* wolanFirstViewController.m */; };
		611FECFD1B8C4BD8009BC2A1 /* wolanSecondViewController.m in Sources */ = {isa = PBXBuildFile; fileRef = 611FECFC1B8C4BD8009BC2A1 /* wolanSecondViewController.m */; };
		611FECFF1B8C4BD8009BC2A1 /* Images.xcassets in Resources */ = {isa = PBXBuildFile; fileRef = 611FECFE1B8C4BD8009BC2A1 /* Images.xcassets */; };
		611FED061B8C4BD8009BC2A1 /* XCTest.framework in Frameworks */ = {isa = PBXBuildFile; fileRef = 611FED051B8C4BD8009BC2A1 /* XCTest.framework */; };
		611FED071B8C4BD8009BC2A1 /* Foundation.framework in Frameworks */ = {isa = PBXBuildFile; fileRef = 611FECE31B8C4BD7009BC2A1 /* Foundation.framework */; };
		611FED081B8C4BD8009BC2A1 /* UIKit.framework in Frameworks */ = {isa = PBXBuildFile; fileRef = 611FECE71B8C4BD7009BC2A1 /* UIKit.framework */; };
		611FED101B8C4BD8009BC2A1 /* InfoPlist.strings in Resources */ = {isa = PBXBuildFile; fileRef = 611FED0E1B8C4BD8009BC2A1 /* InfoPlist.strings */; };
		611FED121B8C4BD8009BC2A1 /* wolanIMTests.m in Sources */ = {isa = PBXBuildFile; fileRef = 611FED111B8C4BD8009BC2A1 /* wolanIMTests.m */; };
		61BF678C1B8EF5E50061BEF2 /* MyAsyncSocket.m in Sources */ = {isa = PBXBuildFile; fileRef = 61BF678B1B8EF5E50061BEF2 /* MyAsyncSocket.m */; };
		61BF67931B902BEB0061BEF2 /* wolanLoginViewContorller.m in Sources */ = {isa = PBXBuildFile; fileRef = 61BF67921B902BEB0061BEF2 /* wolanLoginViewContorller.m */; };
/* End PBXBuildFile section */

/* Begin PBXContainerItemProxy section */
		611FED091B8C4BD8009BC2A1 /* PBXContainerItemProxy */ = {
			isa = PBXContainerItemProxy;
			containerPortal = 611FECD81B8C4BD7009BC2A1 /* Project object */;
			proxyType = 1;
			remoteGlobalIDString = 611FECDF1B8C4BD7009BC2A1;
			remoteInfo = wolanIM;
		};
/* End PBXContainerItemProxy section */

/* Begin PBXFileReference section */
		28C4F5B30ACD4782672EF696 /* libPods.a */ = {isa = PBXFileReference; explicitFileType = archive.ar; includeInIndex = 0; path = libPods.a; sourceTree = BUILT_PRODUCTS_DIR; };
		4263CF9AFDAD8442BB137005 /* Pods.release.xcconfig */ = {isa = PBXFileReference; includeInIndex = 1; lastKnownFileType = text.xcconfig; name = Pods.release.xcconfig; path = "Pods/Target Support Files/Pods/Pods.release.xcconfig"; sourceTree = "<group>"; };
		611FECE01B8C4BD7009BC2A1 /* wolanIM.app */ = {isa = PBXFileReference; explicitFileType = wrapper.application; includeInIndex = 0; path = wolanIM.app; sourceTree = BUILT_PRODUCTS_DIR; };
		611FECE31B8C4BD7009BC2A1 /* Foundation.framework */ = {isa = PBXFileReference; lastKnownFileType = wrapper.framework; name = Foundation.framework; path = System/Library/Frameworks/Foundation.framework; sourceTree = SDKROOT; };
		611FECE51B8C4BD7009BC2A1 /* CoreGraphics.framework */ = {isa = PBXFileReference; lastKnownFileType = wrapper.framework; name = CoreGraphics.framework; path = System/Library/Frameworks/CoreGraphics.framework; sourceTree = SDKROOT; };
		611FECE71B8C4BD7009BC2A1 /* UIKit.framework */ = {isa = PBXFileReference; lastKnownFileType = wrapper.framework; name = UIKit.framework; path = System/Library/Frameworks/UIKit.framework; sourceTree = SDKROOT; };
		611FECEB1B8C4BD7009BC2A1 /* wolanIM-Info.plist */ = {isa = PBXFileReference; lastKnownFileType = text.plist.xml; path = "wolanIM-Info.plist"; sourceTree = "<group>"; };
		611FECED1B8C4BD7009BC2A1 /* en */ = {isa = PBXFileReference; lastKnownFileType = text.plist.strings; name = en; path = en.lproj/InfoPlist.strings; sourceTree = "<group>"; };
		611FECEF1B8C4BD7009BC2A1 /* main.m */ = {isa = PBXFileReference; lastKnownFileType = sourcecode.c.objc; path = main.m; sourceTree = "<group>"; };
		611FECF11B8C4BD7009BC2A1 /* wolanIM-Prefix.pch */ = {isa = PBXFileReference; lastKnownFileType = sourcecode.c.h; path = "wolanIM-Prefix.pch"; sourceTree = "<group>"; };
		611FECF21B8C4BD7009BC2A1 /* wolanAppDelegate.h */ = {isa = PBXFileReference; lastKnownFileType = sourcecode.c.h; path = wolanAppDelegate.h; sourceTree = "<group>"; };
		611FECF31B8C4BD7009BC2A1 /* wolanAppDelegate.m */ = {isa = PBXFileReference; lastKnownFileType = sourcecode.c.objc; path = wolanAppDelegate.m; sourceTree = "<group>"; };
		611FECF61B8C4BD8009BC2A1 /* Base */ = {isa = PBXFileReference; lastKnownFileType = file.storyboard; name = Base; path = Base.lproj/Main.storyboard; sourceTree = "<group>"; };
		611FECF81B8C4BD8009BC2A1 /* wolanFirstViewController.h */ = {isa = PBXFileReference; lastKnownFileType = sourcecode.c.h; path = wolanFirstViewController.h; sourceTree = "<group>"; };
		611FECF91B8C4BD8009BC2A1 /* wolanFirstViewController.m */ = {isa = PBXFileReference; lastKnownFileType = sourcecode.c.objc; path = wolanFirstViewController.m; sourceTree = "<group>"; };
		611FECFB1B8C4BD8009BC2A1 /* wolanSecondViewController.h */ = {isa = PBXFileReference; lastKnownFileType = sourcecode.c.h; path = wolanSecondViewController.h; sourceTree = "<group>"; };
		611FECFC1B8C4BD8009BC2A1 /* wolanSecondViewController.m */ = {isa = PBXFileReference; lastKnownFileType = sourcecode.c.objc; path = wolanSecondViewController.m; sourceTree = "<group>"; };
		611FECFE1B8C4BD8009BC2A1 /* Images.xcassets */ = {isa = PBXFileReference; lastKnownFileType = folder.assetcatalog; path = Images.xcassets; sourceTree = "<group>"; };
		611FED041B8C4BD8009BC2A1 /* wolanIMTests.xctest */ = {isa = PBXFileReference; explicitFileType = wrapper.cfbundle; includeInIndex = 0; path = wolanIMTests.xctest; sourceTree = BUILT_PRODUCTS_DIR; };
		611FED051B8C4BD8009BC2A1 /* XCTest.framework */ = {isa = PBXFileReference; lastKnownFileType = wrapper.framework; name = XCTest.framework; path = Library/Frameworks/XCTest.framework; sourceTree = DEVELOPER_DIR; };
		611FED0D1B8C4BD8009BC2A1 /* wolanIMTests-Info.plist */ = {isa = PBXFileReference; lastKnownFileType = text.plist.xml; path = "wolanIMTests-Info.plist"; sourceTree = "<group>"; };
		611FED0F1B8C4BD8009BC2A1 /* en */ = {isa = PBXFileReference; lastKnownFileType = text.plist.strings; name = en; path = en.lproj/InfoPlist.strings; sourceTree = "<group>"; };
		611FED111B8C4BD8009BC2A1 /* wolanIMTests.m */ = {isa = PBXFileReference; lastKnownFileType = sourcecode.c.objc; path = wolanIMTests.m; sourceTree = "<group>"; };
		61BF678A1B8EF5E50061BEF2 /* MyAsyncSocket.h */ = {isa = PBXFileReference; fileEncoding = 4; lastKnownFileType = sourcecode.c.h; path = MyAsyncSocket.h; sourceTree = "<group>"; };
		61BF678B1B8EF5E50061BEF2 /* MyAsyncSocket.m */ = {isa = PBXFileReference; fileEncoding = 4; lastKnownFileType = sourcecode.c.objc; path = MyAsyncSocket.m; sourceTree = "<group>"; };
		61BF678D1B8FFA1E0061BEF2 /* MyAsyncSocketConfig.h */ = {isa = PBXFileReference; fileEncoding = 4; lastKnownFileType = sourcecode.c.h; path = MyAsyncSocketConfig.h; sourceTree = "<group>"; };
		61BF67911B902BEB0061BEF2 /* wolanLoginViewContorller.h */ = {isa = PBXFileReference; fileEncoding = 4; lastKnownFileType = sourcecode.c.h; path = wolanLoginViewContorller.h; sourceTree = "<group>"; };
		61BF67921B902BEB0061BEF2 /* wolanLoginViewContorller.m */ = {isa = PBXFileReference; fileEncoding = 4; lastKnownFileType = sourcecode.c.objc; path = wolanLoginViewContorller.m; sourceTree = "<group>"; };
		962D68C150AFAD56621B3091 /* Pods.debug.xcconfig */ = {isa = PBXFileReference; includeInIndex = 1; lastKnownFileType = text.xcconfig; name = Pods.debug.xcconfig; path = "Pods/Target Support Files/Pods/Pods.debug.xcconfig"; sourceTree = "<group>"; };
/* End PBXFileReference section */

/* Begin PBXFrameworksBuildPhase section */
		611FECDD1B8C4BD7009BC2A1 /* Frameworks */ = {
			isa = PBXFrameworksBuildPhase;
			buildActionMask = 2147483647;
			files = (
				611FECE61B8C4BD7009BC2A1 /* CoreGraphics.framework in Frameworks */,
				611FECE81B8C4BD7009BC2A1 /* UIKit.framework in Frameworks */,
				611FECE41B8C4BD7009BC2A1 /* Foundation.framework in Frameworks */,
				3E66C8A50D5B48CA02A671CA /* libPods.a in Frameworks */,
			);
			runOnlyForDeploymentPostprocessing = 0;
		};
		611FED011B8C4BD8009BC2A1 /* Frameworks */ = {
			isa = PBXFrameworksBuildPhase;
			buildActionMask = 2147483647;
			files = (
				611FED061B8C4BD8009BC2A1 /* XCTest.framework in Frameworks */,
				611FED081B8C4BD8009BC2A1 /* UIKit.framework in Frameworks */,
				611FED071B8C4BD8009BC2A1 /* Foundation.framework in Frameworks */,
			);
			runOnlyForDeploymentPostprocessing = 0;
		};
/* End PBXFrameworksBuildPhase section */

/* Begin PBXGroup section */
		0057BA11A93468411482453D /* Pods */ = {
			isa = PBXGroup;
			children = (
				962D68C150AFAD56621B3091 /* Pods.debug.xcconfig */,
				4263CF9AFDAD8442BB137005 /* Pods.release.xcconfig */,
			);
			name = Pods;
			sourceTree = "<group>";
		};
		611FECD71B8C4BD7009BC2A1 = {
			isa = PBXGroup;
			children = (
				611FECE91B8C4BD7009BC2A1 /* wolanIM */,
				611FED0B1B8C4BD8009BC2A1 /* wolanIMTests */,
				611FECE21B8C4BD7009BC2A1 /* Frameworks */,
				611FECE11B8C4BD7009BC2A1 /* Products */,
				0057BA11A93468411482453D /* Pods */,
			);
			sourceTree = "<group>";
		};
		611FECE11B8C4BD7009BC2A1 /* Products */ = {
			isa = PBXGroup;
			children = (
				611FECE01B8C4BD7009BC2A1 /* wolanIM.app */,
				611FED041B8C4BD8009BC2A1 /* wolanIMTests.xctest */,
			);
			name = Products;
			sourceTree = "<group>";
		};
		611FECE21B8C4BD7009BC2A1 /* Frameworks */ = {
			isa = PBXGroup;
			children = (
				611FECE31B8C4BD7009BC2A1 /* Foundation.framework */,
				611FECE51B8C4BD7009BC2A1 /* CoreGraphics.framework */,
				611FECE71B8C4BD7009BC2A1 /* UIKit.framework */,
				611FED051B8C4BD8009BC2A1 /* XCTest.framework */,
				28C4F5B30ACD4782672EF696 /* libPods.a */,
			);
			name = Frameworks;
			sourceTree = "<group>";
		};
		611FECE91B8C4BD7009BC2A1 /* wolanIM */ = {
			isa = PBXGroup;
			children = (
				61BF67891B8EF5B70061BEF2 /* Communication */,
				611FECF21B8C4BD7009BC2A1 /* wolanAppDelegate.h */,
				611FECF31B8C4BD7009BC2A1 /* wolanAppDelegate.m */,
				611FECF51B8C4BD8009BC2A1 /* Main.storyboard */,
				611FECF81B8C4BD8009BC2A1 /* wolanFirstViewController.h */,
				611FECF91B8C4BD8009BC2A1 /* wolanFirstViewController.m */,
				611FECFB1B8C4BD8009BC2A1 /* wolanSecondViewController.h */,
				611FECFC1B8C4BD8009BC2A1 /* wolanSecondViewController.m */,
				611FECFE1B8C4BD8009BC2A1 /* Images.xcassets */,
				611FECEA1B8C4BD7009BC2A1 /* Supporting Files */,
				61BF67911B902BEB0061BEF2 /* wolanLoginViewContorller.h */,
				61BF67921B902BEB0061BEF2 /* wolanLoginViewContorller.m */,
			);
			path = wolanIM;
			sourceTree = "<group>";
		};
		611FECEA1B8C4BD7009BC2A1 /* Supporting Files */ = {
			isa = PBXGroup;
			children = (
				611FECEB1B8C4BD7009BC2A1 /* wolanIM-Info.plist */,
				611FECEC1B8C4BD7009BC2A1 /* InfoPlist.strings */,
				611FECEF1B8C4BD7009BC2A1 /* main.m */,
				611FECF11B8C4BD7009BC2A1 /* wolanIM-Prefix.pch */,
			);
			name = "Supporting Files";
			sourceTree = "<group>";
		};
		611FED0B1B8C4BD8009BC2A1 /* wolanIMTests */ = {
			isa = PBXGroup;
			children = (
				611FED111B8C4BD8009BC2A1 /* wolanIMTests.m */,
				611FED0C1B8C4BD8009BC2A1 /* Supporting Files */,
			);
			path = wolanIMTests;
			sourceTree = "<group>";
		};
		611FED0C1B8C4BD8009BC2A1 /* Supporting Files */ = {
			isa = PBXGroup;
			children = (
				611FED0D1B8C4BD8009BC2A1 /* wolanIMTests-Info.plist */,
				611FED0E1B8C4BD8009BC2A1 /* InfoPlist.strings */,
			);
			name = "Supporting Files";
			sourceTree = "<group>";
		};
		61BF67891B8EF5B70061BEF2 /* Communication */ = {
			isa = PBXGroup;
			children = (
				61BF678A1B8EF5E50061BEF2 /* MyAsyncSocket.h */,
				61BF678B1B8EF5E50061BEF2 /* MyAsyncSocket.m */,
				61BF678D1B8FFA1E0061BEF2 /* MyAsyncSocketConfig.h */,
			);
			name = Communication;
			sourceTree = "<group>";
		};
/* End PBXGroup section */

/* Begin PBXNativeTarget section */
		611FECDF1B8C4BD7009BC2A1 /* wolanIM */ = {
			isa = PBXNativeTarget;
			buildConfigurationList = 611FED151B8C4BD8009BC2A1 /* Build configuration list for PBXNativeTarget "wolanIM" */;
			buildPhases = (
				D41908BD0909E7D94EEC1391 /* Check Pods Manifest.lock */,
				611FECDC1B8C4BD7009BC2A1 /* Sources */,
				611FECDD1B8C4BD7009BC2A1 /* Frameworks */,
				611FECDE1B8C4BD7009BC2A1 /* Resources */,
				8CE9853C73C50B9CF70C1B52 /* Copy Pods Resources */,
			);
			buildRules = (
			);
			dependencies = (
			);
			name = wolanIM;
			productName = wolanIM;
			productReference = 611FECE01B8C4BD7009BC2A1 /* wolanIM.app */;
			productType = "com.apple.product-type.application";
		};
		611FED031B8C4BD8009BC2A1 /* wolanIMTests */ = {
			isa = PBXNativeTarget;
			buildConfigurationList = 611FED181B8C4BD8009BC2A1 /* Build configuration list for PBXNativeTarget "wolanIMTests" */;
			buildPhases = (
				611FED001B8C4BD8009BC2A1 /* Sources */,
				611FED011B8C4BD8009BC2A1 /* Frameworks */,
				611FED021B8C4BD8009BC2A1 /* Resources */,
			);
			buildRules = (
			);
			dependencies = (
				611FED0A1B8C4BD8009BC2A1 /* PBXTargetDependency */,
			);
			name = wolanIMTests;
			productName = wolanIMTests;
			productReference = 611FED041B8C4BD8009BC2A1 /* wolanIMTests.xctest */;
			productType = "com.apple.product-type.bundle.unit-test";
		};
/* End PBXNativeTarget section */

/* Begin PBXProject section */
		611FECD81B8C4BD7009BC2A1 /* Project object */ = {
			isa = PBXProject;
			attributes = {
				CLASSPREFIX = wolan;
				LastUpgradeCheck = 0510;
				ORGANIZATIONNAME = wolan;
				TargetAttributes = {
					611FED031B8C4BD8009BC2A1 = {
						TestTargetID = 611FECDF1B8C4BD7009BC2A1;
					};
				};
			};
			buildConfigurationList = 611FECDB1B8C4BD7009BC2A1 /* Build configuration list for PBXProject "wolanIM" */;
			compatibilityVersion = "Xcode 3.2";
			developmentRegion = English;
			hasScannedForEncodings = 0;
			knownRegions = (
				en,
				Base,
			);
			mainGroup = 611FECD71B8C4BD7009BC2A1;
			productRefGroup = 611FECE11B8C4BD7009BC2A1 /* Products */;
			projectDirPath = "";
			projectRoot = "";
			targets = (
				611FECDF1B8C4BD7009BC2A1 /* wolanIM */,
				611FED031B8C4BD8009BC2A1 /* wolanIMTests */,
			);
		};
/* End PBXProject section */

/* Begin PBXResourcesBuildPhase section */
		611FECDE1B8C4BD7009BC2A1 /* Resources */ = {
			isa = PBXResourcesBuildPhase;
			buildActionMask = 2147483647;
			files = (
				611FECFF1B8C4BD8009BC2A1 /* Images.xcassets in Resources */,
				611FECEE1B8C4BD7009BC2A1 /* InfoPlist.strings in Resources */,
				611FECF71B8C4BD8009BC2A1 /* Main.storyboard in Resources */,
			);
			runOnlyForDeploymentPostprocessing = 0;
		};
		611FED021B8C4BD8009BC2A1 /* Resources */ = {
			isa = PBXResourcesBuildPhase;
			buildActionMask = 2147483647;
			files = (
				611FED101B8C4BD8009BC2A1 /* InfoPlist.strings in Resources */,
			);
			runOnlyForDeploymentPostprocessing = 0;
		};
/* End PBXResourcesBuildPhase section */

/* Begin PBXShellScriptBuildPhase section */
		8CE9853C73C50B9CF70C1B52 /* Copy Pods Resources */ = {
			isa = PBXShellScriptBuildPhase;
			buildActionMask = 2147483647;
			files = (
			);
			inputPaths = (
			);
			name = "Copy Pods Resources";
			outputPaths = (
			);
			runOnlyForDeploymentPostprocessing = 0;
			shellPath = /bin/sh;
			shellScript = "\"${SRCROOT}/Pods/Target Support Files/Pods/Pods-resources.sh\"\n";
			showEnvVarsInLog = 0;
		};
		D41908BD0909E7D94EEC1391 /* Check Pods Manifest.lock */ = {
			isa = PBXShellScriptBuildPhase;
			buildActionMask = 2147483647;
			files = (
			);
			inputPaths = (
			);
			name = "Check Pods Manifest.lock";
			outputPaths = (
			);
			runOnlyForDeploymentPostprocessing = 0;
			shellPath = /bin/sh;
			shellScript = "diff \"${PODS_ROOT}/../Podfile.lock\" \"${PODS_ROOT}/Manifest.lock\" > /dev/null\nif [[ $? != 0 ]] ; then\n    cat << EOM\nerror: The sandbox is not in sync with the Podfile.lock. Run 'pod install' or update your CocoaPods installation.\nEOM\n    exit 1\nfi\n";
			showEnvVarsInLog = 0;
		};
/* End PBXShellScriptBuildPhase section */

/* Begin PBXSourcesBuildPhase section */
		611FECDC1B8C4BD7009BC2A1 /* Sources */ = {
			isa = PBXSourcesBuildPhase;
			buildActionMask = 2147483647;
			files = (
				611FECFA1B8C4BD8009BC2A1 /* wolanFirstViewController.m in Sources */,
				61BF678C1B8EF5E50061BEF2 /* MyAsyncSocket.m in Sources */,
				611FECF41B8C4BD7009BC2A1 /* wolanAppDelegate.m in Sources */,
				611FECFD1B8C4BD8009BC2A1 /* wolanSecondViewController.m in Sources */,
				61BF67931B902BEB0061BEF2 /* wolanLoginViewContorller.m in Sources */,
				611FECF01B8C4BD7009BC2A1 /* main.m in Sources */,
			);
			runOnlyForDeploymentPostprocessing = 0;
		};
		611FED001B8C4BD8009BC2A1 /* Sources */ = {
			isa = PBXSourcesBuildPhase;
			buildActionMask = 2147483647;
			files = (
				611FED121B8C4BD8009BC2A1 /* wolanIMTests.m in Sources */,
			);
			runOnlyForDeploymentPostprocessing = 0;
		};
/* End PBXSourcesBuildPhase section */

/* Begin PBXTargetDependency section */
		611FED0A1B8C4BD8009BC2A1 /* PBXTargetDependency */ = {
			isa = PBXTargetDependency;
			target = 611FECDF1B8C4BD7009BC2A1 /* wolanIM */;
			targetProxy = 611FED091B8C4BD8009BC2A1 /* PBXContainerItemProxy */;
		};
/* End PBXTargetDependency section */

/* Begin PBXVariantGroup section */
		611FECEC1B8C4BD7009BC2A1 /* InfoPlist.strings */ = {
			isa = PBXVariantGroup;
			children = (
				611FECED1B8C4BD7009BC2A1 /* en */,
			);
			name = InfoPlist.strings;
			sourceTree = "<group>";
		};
		611FECF51B8C4BD8009BC2A1 /* Main.storyboard */ = {
			isa = PBXVariantGroup;
			children = (
				611FECF61B8C4BD8009BC2A1 /* Base */,
			);
			name = Main.storyboard;
			sourceTree = "<group>";
		};
		611FED0E1B8C4BD8009BC2A1 /* InfoPlist.strings */ = {
			isa = PBXVariantGroup;
			children = (
				611FED0F1B8C4BD8009BC2A1 /* en */,
			);
			name = InfoPlist.strings;
			sourceTree = "<group>";
		};
/* End PBXVariantGroup section */

/* Begin XCBuildConfiguration section */
		611FED131B8C4BD8009BC2A1 /* Debug */ = {
			isa = XCBuildConfiguration;
			buildSettings = {
				ALWAYS_SEARCH_USER_PATHS = NO;
				CLANG_CXX_LANGUAGE_STANDARD = "gnu++0x";
				CLANG_CXX_LIBRARY = "libc++";
				CLANG_ENABLE_MODULES = YES;
				CLANG_ENABLE_OBJC_ARC = YES;
				CLANG_WARN_BOOL_CONVERSION = YES;
				CLANG_WARN_CONSTANT_CONVERSION = YES;
				CLANG_WARN_DIRECT_OBJC_ISA_USAGE = YES_ERROR;
				CLANG_WARN_EMPTY_BODY = YES;
				CLANG_WARN_ENUM_CONVERSION = YES;
				CLANG_WARN_INT_CONVERSION = YES;
				CLANG_WARN_OBJC_ROOT_CLASS = YES_ERROR;
				CLANG_WARN__DUPLICATE_METHOD_MATCH = YES;
				"CODE_SIGN_IDENTITY[sdk=iphoneos*]" = "iPhone Developer";
				COPY_PHASE_STRIP = NO;
				GCC_C_LANGUAGE_STANDARD = gnu99;
				GCC_DYNAMIC_NO_PIC = NO;
				GCC_OPTIMIZATION_LEVEL = 0;
				GCC_PREPROCESSOR_DEFINITIONS = (
					"DEBUG=1",
					"$(inherited)",
				);
				GCC_SYMBOLS_PRIVATE_EXTERN = NO;
				GCC_WARN_64_TO_32_BIT_CONVERSION = YES;
				GCC_WARN_ABOUT_RETURN_TYPE = YES_ERROR;
				GCC_WARN_UNDECLARED_SELECTOR = YES;
				GCC_WARN_UNINITIALIZED_AUTOS = YES_AGGRESSIVE;
				GCC_WARN_UNUSED_FUNCTION = YES;
				GCC_WARN_UNUSED_VARIABLE = YES;
				IPHONEOS_DEPLOYMENT_TARGET = 7.1;
				ONLY_ACTIVE_ARCH = YES;
				SDKROOT = iphoneos;
			};
			name = Debug;
		};
		611FED141B8C4BD8009BC2A1 /* Release */ = {
			isa = XCBuildConfiguration;
			buildSettings = {
				ALWAYS_SEARCH_USER_PATHS = NO;
				CLANG_CXX_LANGUAGE_STANDARD = "gnu++0x";
				CLANG_CXX_LIBRARY = "libc++";
				CLANG_ENABLE_MODULES = YES;
				CLANG_ENABLE_OBJC_ARC = YES;
				CLANG_WARN_BOOL_CONVERSION = YES;
				CLANG_WARN_CONSTANT_CONVERSION = YES;
				CLANG_WARN_DIRECT_OBJC_ISA_USAGE = YES_ERROR;
				CLANG_WARN_EMPTY_BODY = YES;
				CLANG_WARN_ENUM_CONVERSION = YES;
				CLANG_WARN_INT_CONVERSION = YES;
				CLANG_WARN_OBJC_ROOT_CLASS = YES_ERROR;
				CLANG_WARN__DUPLICATE_METHOD_MATCH = YES;
				"CODE_SIGN_IDENTITY[sdk=iphoneos*]" = "iPhone Developer";
				COPY_PHASE_STRIP = YES;
				ENABLE_NS_ASSERTIONS = NO;
				GCC_C_LANGUAGE_STANDARD = gnu99;
				GCC_WARN_64_TO_32_BIT_CONVERSION = YES;
				GCC_WARN_ABOUT_RETURN_TYPE = YES_ERROR;
				GCC_WARN_UNDECLARED_SELECTOR = YES;
				GCC_WARN_UNINITIALIZED_AUTOS = YES_AGGRESSIVE;
				GCC_WARN_UNUSED_FUNCTION = YES;
				GCC_WARN_UNUSED_VARIABLE = YES;
				IPHONEOS_DEPLOYMENT_TARGET = 7.1;
				SDKROOT = iphoneos;
				VALIDATE_PRODUCT = YES;
			};
			name = Release;
		};
		611FED161B8C4BD8009BC2A1 /* Debug */ = {
			isa = XCBuildConfiguration;
			baseConfigurationReference = 962D68C150AFAD56621B3091 /* Pods.debug.xcconfig */;
			buildSettings = {
				ASSETCATALOG_COMPILER_APPICON_NAME = AppIcon;
				ASSETCATALOG_COMPILER_LAUNCHIMAGE_NAME = LaunchImage;
				GCC_PRECOMPILE_PREFIX_HEADER = YES;
				GCC_PREFIX_HEADER = "wolanIM/wolanIM-Prefix.pch";
				INFOPLIST_FILE = "wolanIM/wolanIM-Info.plist";
				PRODUCT_NAME = "$(TARGET_NAME)";
				WRAPPER_EXTENSION = app;
			};
			name = Debug;
		};
		611FED171B8C4BD8009BC2A1 /* Release */ = {
			isa = XCBuildConfiguration;
			baseConfigurationReference = 4263CF9AFDAD8442BB137005 /* Pods.release.xcconfig */;
			buildSettings = {
				ASSETCATALOG_COMPILER_APPICON_NAME = AppIcon;
				ASSETCATALOG_COMPILER_LAUNCHIMAGE_NAME = LaunchImage;
				GCC_PRECOMPILE_PREFIX_HEADER = YES;
				GCC_PREFIX_HEADER = "wolanIM/wolanIM-Prefix.pch";
				INFOPLIST_FILE = "wolanIM/wolanIM-Info.plist";
				PRODUCT_NAME = "$(TARGET_NAME)";
				WRAPPER_EXTENSION = app;
			};
			name = Release;
		};
		611FED191B8C4BD8009BC2A1 /* Debug */ = {
			isa = XCBuildConfiguration;
			buildSettings = {
				BUNDLE_LOADER = "$(BUILT_PRODUCTS_DIR)/wolanIM.app/wolanIM";
				FRAMEWORK_SEARCH_PATHS = (
					"$(SDKROOT)/Developer/Library/Frameworks",
					"$(inherited)",
					"$(DEVELOPER_FRAMEWORKS_DIR)",
				);
				GCC_PRECOMPILE_PREFIX_HEADER = YES;
				GCC_PREFIX_HEADER = "wolanIM/wolanIM-Prefix.pch";
				GCC_PREPROCESSOR_DEFINITIONS = (
					"DEBUG=1",
					"$(inherited)",
				);
				INFOPLIST_FILE = "wolanIMTests/wolanIMTests-Info.plist";
				PRODUCT_NAME = "$(TARGET_NAME)";
				TEST_HOST = "$(BUNDLE_LOADER)";
				WRAPPER_EXTENSION = xctest;
			};
			name = Debug;
		};
		611FED1A1B8C4BD8009BC2A1 /* Release */ = {
			isa = XCBuildConfiguration;
			buildSettings = {
				BUNDLE_LOADER = "$(BUILT_PRODUCTS_DIR)/wolanIM.app/wolanIM";
				FRAMEWORK_SEARCH_PATHS = (
					"$(SDKROOT)/Developer/Library/Frameworks",
					"$(inherited)",
					"$(DEVELOPER_FRAMEWORKS_DIR)",
				);
				GCC_PRECOMPILE_PREFIX_HEADER = YES;
				GCC_PREFIX_HEADER = "wolanIM/wolanIM-Prefix.pch";
				INFOPLIST_FILE = "wolanIMTests/wolanIMTests-Info.plist";
				PRODUCT_NAME = "$(TARGET_NAME)";
				TEST_HOST = "$(BUNDLE_LOADER)";
				WRAPPER_EXTENSION = xctest;
			};
			name = Release;
		};
/* End XCBuildConfiguration section */

/* Begin XCConfigurationList section */
		611FECDB1B8C4BD7009BC2A1 /* Build configuration list for PBXProject "wolanIM" */ = {
			isa = XCConfigurationList;
			buildConfigurations = (
				611FED131B8C4BD8009BC2A1 /* Debug */,
				611FED141B8C4BD8009BC2A1 /* Release */,
			);
			defaultConfigurationIsVisible = 0;
			defaultConfigurationName = Release;
		};
		611FED151B8C4BD8009BC2A1 /* Build configuration list for PBXNativeTarget "wolanIM" */ = {
			isa = XCConfigurationList;
			buildConfigurations = (
				611FED161B8C4BD8009BC2A1 /* Debug */,
				611FED171B8C4BD8009BC2A1 /* Release */,
			);
			defaultConfigurationIsVisible = 0;
			defaultConfigurationName = Release;
		};
		611FED181B8C4BD8009BC2A1 /* Build configuration list for PBXNativeTarget "wolanIMTests" */ = {
			isa = XCConfigurationList;
			buildConfigurations = (
				611FED191B8C4BD8009BC2A1 /* Debug */,
				611FED1A1B8C4BD8009BC2A1 /* Release */,
			);
			defaultConfigurationIsVisible = 0;
			defaultConfigurationName = Release;
		};
/* End XCConfigurationList section */
	};
	rootObject = 611FECD81B8C4BD7009BC2A1 /* Project object */;
}
