// !$*UTF8*$!
{
	archiveVersion = 1;
	classes = {
	};
	objectVersion = 46;
	objects = {

/* Begin PBXBuildFile section */
		3E66C8A50D5B48CA02A671CA /* libPods.a in Frameworks */ = {isa = PBXBuildFile; fileRef = 28C4F5B30ACD4782672EF696 /* libPods.a */; };
		611FECE41B8C4BD7009BC2A1 /* Foundation.framework in Frameworks */ = {isa = PBXBuildFile; fileRef = 611FECE31B8C4BD7009BC2A1 /* Foundation.framework */; };
		611FECE61B8C4BD7009BC2A1 /* CoreGraphics.framework in Frameworks */ = {isa = PBXBuildFile; fileRef = 611FECE51B8C4BD7009BC2A1 /* CoreGraphics.framework */; };
		611FECE81B8C4BD7009BC2A1 /* UIKit.framework in Frameworks */ = {isa = PBXBuildFile; fileRef = 611FECE71B8C4BD7009BC2A1 /* UIKit.framework */; };
		611FECEE1B8C4BD7009BC2A1 /* InfoPlist.strings in Resources */ = {isa = PBXBuildFile; fileRef = 611FECEC1B8C4BD7009BC2A1 /* InfoPlist.strings */; };
		611FECF01B8C4BD7009BC2A1 /* main.m in Sources */ = {isa = PBXBuildFile; fileRef = 611FECEF1B8C4BD7009BC2A1 /* main.m */; };
		611FECF41B8C4BD7009BC2A1 /* wolanAppDelegate.m in Sources */ = {isa = PBXBuildFile; fileRef = 611FECF31B8C4BD7009BC2A1 /* wolanAppDelegate.m */; };
		611FECF71B8C4BD8009BC2A1 /* Main.storyboard in Resources */ = {isa = PBXBuildFile; fileRef = 611FECF51B8C4BD8009BC2A1 /* Main.storyboard */; };
		611FECFF1B8C4BD8009BC2A1 /* Images.xcassets in Resources */ = {isa = PBXBuildFile; fileRef = 611FECFE1B8C4BD8009BC2A1 /* Images.xcassets */; };
		611FED061B8C4BD8009BC2A1 /* XCTest.framework in Frameworks */ = {isa = PBXBuildFile; fileRef = 611FED051B8C4BD8009BC2A1 /* XCTest.framework */; };
		611FED071B8C4BD8009BC2A1 /* Foundation.framework in Frameworks */ = {isa = PBXBuildFile; fileRef = 611FECE31B8C4BD7009BC2A1 /* Foundation.framework */; };
		611FED081B8C4BD8009BC2A1 /* UIKit.framework in Frameworks */ = {isa = PBXBuildFile; fileRef = 611FECE71B8C4BD7009BC2A1 /* UIKit.framework */; };
		611FED101B8C4BD8009BC2A1 /* InfoPlist.strings in Resources */ = {isa = PBXBuildFile; fileRef = 611FED0E1B8C4BD8009BC2A1 /* InfoPlist.strings */; };
		611FED121B8C4BD8009BC2A1 /* wolanIMTests.m in Sources */ = {isa = PBXBuildFile; fileRef = 611FED111B8C4BD8009BC2A1 /* wolanIMTests.m */; };
		61BF678C1B8EF5E50061BEF2 /* MyAsyncSocket.m in Sources */ = {isa = PBXBuildFile; fileRef = 61BF678B1B8EF5E50061BEF2 /* MyAsyncSocket.m */; };
		61BF67931B902BEB0061BEF2 /* wolanLogin.m in Sources */ = {isa = PBXBuildFile; fileRef = 61BF67921B902BEB0061BEF2 /* wolanLogin.m */; };
		7E0FE5EE1BAABEB500FDC653 /* home.png in Resources */ = {isa = PBXBuildFile; fileRef = 7E0FE5EB1BAABEB500FDC653 /* home.png */; };
		7E0FE5EF1BAABEB500FDC653 /* message.png in Resources */ = {isa = PBXBuildFile; fileRef = 7E0FE5EC1BAABEB500FDC653 /* message.png */; };
		7E0FE5F01BAABEB500FDC653 /* my.png in Resources */ = {isa = PBXBuildFile; fileRef = 7E0FE5ED1BAABEB500FDC653 /* my.png */; };
		7E0FE5F31BABB7B400FDC653 /* wolanHomeViewController.m in Sources */ = {isa = PBXBuildFile; fileRef = 7E0FE5F21BABB7B400FDC653 /* wolanHomeViewController.m */; };
		7E0FE5FB1BABF3F500FDC653 /* wolanMsgViewController.m in Sources */ = {isa = PBXBuildFile; fileRef = 7E0FE5FA1BABF3F500FDC653 /* wolanMsgViewController.m */; };
		7E0FE5FE1BABF40300FDC653 /* wolanMy.m in Sources */ = {isa = PBXBuildFile; fileRef = 7E0FE5FD1BABF40300FDC653 /* wolanMy.m */; };
		7E31238C1BB8E65500C91C29 /* pic_plank_down.png in Resources */ = {isa = PBXBuildFile; fileRef = 7E31238A1BB8E65500C91C29 /* pic_plank_down.png */; };
		7E31238D1BB8E65500C91C29 /* pic_plank_down@2x.png in Resources */ = {isa = PBXBuildFile; fileRef = 7E31238B1BB8E65500C91C29 /* pic_plank_down@2x.png */; };
		7E3123901BB8E6AE00C91C29 /* pic_plank_among.png in Resources */ = {isa = PBXBuildFile; fileRef = 7E31238E1BB8E6AE00C91C29 /* pic_plank_among.png */; };
		7E3123911BB8E6AE00C91C29 /* pic_plank_among@2x.png in Resources */ = {isa = PBXBuildFile; fileRef = 7E31238F1BB8E6AE00C91C29 /* pic_plank_among@2x.png */; };
		7E3123981BB8E79D00C91C29 /* pic_fresh_n 2.png in Resources */ = {isa = PBXBuildFile; fileRef = 7E3123921BB8E79D00C91C29 /* pic_fresh_n 2.png */; };
		7E3123991BB8E79D00C91C29 /* pic_fresh_n@2x 2.png in Resources */ = {isa = PBXBuildFile; fileRef = 7E3123931BB8E79D00C91C29 /* pic_fresh_n@2x 2.png */; };
		7E31239A1BB8E79D00C91C29 /* pic_icon_fresh.png in Resources */ = {isa = PBXBuildFile; fileRef = 7E3123941BB8E79D00C91C29 /* pic_icon_fresh.png */; };
		7E31239B1BB8E79D00C91C29 /* pic_icon_fresh@2x.png in Resources */ = {isa = PBXBuildFile; fileRef = 7E3123951BB8E79D00C91C29 /* pic_icon_fresh@2x.png */; };
		7E31239C1BB8E79D00C91C29 /* pic_plank_up.png in Resources */ = {isa = PBXBuildFile; fileRef = 7E3123961BB8E79D00C91C29 /* pic_plank_up.png */; };
		7E31239D1BB8E79D00C91C29 /* pic_plank_up@2x.png in Resources */ = {isa = PBXBuildFile; fileRef = 7E3123971BB8E79D00C91C29 /* pic_plank_up@2x.png */; };
		7E3123A11BB91EBB00C91C29 /* DOPNavbarMenu.m in Sources */ = {isa = PBXBuildFile; fileRef = 7E3123A01BB91EBB00C91C29 /* DOPNavbarMenu.m */; };
		7E3123A41BB91F9300C91C29 /* UIView+DOPExtension.m in Sources */ = {isa = PBXBuildFile; fileRef = 7E3123A31BB91F9300C91C29 /* UIView+DOPExtension.m */; };
		7E3123A81BB9253B00C91C29 /* all.png in Resources */ = {isa = PBXBuildFile; fileRef = 7E3123A51BB9253B00C91C29 /* all.png */; };
		7E3123A91BB9253B00C91C29 /* man.png in Resources */ = {isa = PBXBuildFile; fileRef = 7E3123A61BB9253B00C91C29 /* man.png */; };
		7E3123AA1BB9253B00C91C29 /* woman.png in Resources */ = {isa = PBXBuildFile; fileRef = 7E3123A71BB9253B00C91C29 /* woman.png */; };
		7E3123AF1BB93E5300C91C29 /* draft.png in Resources */ = {isa = PBXBuildFile; fileRef = 7E3123AB1BB93E5300C91C29 /* draft.png */; };
		7E3123B01BB93E5300C91C29 /* receive.png in Resources */ = {isa = PBXBuildFile; fileRef = 7E3123AC1BB93E5300C91C29 /* receive.png */; };
		7E3123B11BB93E5300C91C29 /* send.png in Resources */ = {isa = PBXBuildFile; fileRef = 7E3123AD1BB93E5300C91C29 /* send.png */; };
		7E3123B21BB93E5300C91C29 /* woman.png in Resources */ = {isa = PBXBuildFile; fileRef = 7E3123AE1BB93E5300C91C29 /* woman.png */; };
		7E3123B41BB9426B00C91C29 /* msgCell.xib in Resources */ = {isa = PBXBuildFile; fileRef = 7E3123B31BB9426B00C91C29 /* msgCell.xib */; };
		7E3123B91BB9439C00C91C29 /* wolanDataModel_Msg.m in Sources */ = {isa = PBXBuildFile; fileRef = 7E3123B81BB9439C00C91C29 /* wolanDataModel_Msg.m */; };
		7E3123BB1BB94A3300C91C29 /* pic_plank_down_line.png in Resources */ = {isa = PBXBuildFile; fileRef = 7E3123BA1BB94A3300C91C29 /* pic_plank_down_line.png */; };
		7E3123BD1BBA580D00C91C29 /* msgDetailCell_Rec.xib in Resources */ = {isa = PBXBuildFile; fileRef = 7E3123BC1BBA580D00C91C29 /* msgDetailCell_Rec.xib */; };
		7E3123BF1BBA5EF200C91C29 /* msgDetailCell_Snd.xib in Resources */ = {isa = PBXBuildFile; fileRef = 7E3123BE1BBA5EF200C91C29 /* msgDetailCell_Snd.xib */; };
		7E3123C21BBA606300C91C29 /* wolanMsgDetailViewController.m in Sources */ = {isa = PBXBuildFile; fileRef = 7E3123C11BBA606300C91C29 /* wolanMsgDetailViewController.m */; };
		7E3123C71BBA61E000C91C29 /* wolanDataModel_Msg_Rec.m in Sources */ = {isa = PBXBuildFile; fileRef = 7E3123C31BBA61E000C91C29 /* wolanDataModel_Msg_Rec.m */; };
		7E3123C81BBA61E000C91C29 /* wolanDataModel_Msg_Snd.m in Sources */ = {isa = PBXBuildFile; fileRef = 7E3123C61BBA61E000C91C29 /* wolanDataModel_Msg_Snd.m */; };
		7EC3E8091BAFE19800D9B213 /* Rule in Resources */ = {isa = PBXBuildFile; fileRef = 7EC3E8081BAFE19800D9B213 /* Rule */; };
		7EC3E80B1BAFE3CA00D9B213 /* city.plist in Resources */ = {isa = PBXBuildFile; fileRef = 7EC3E80A1BAFE3CA00D9B213 /* city.plist */; };
		7EC3E80D1BAFE3D600D9B213 /* hotcity.plist in Resources */ = {isa = PBXBuildFile; fileRef = 7EC3E80C1BAFE3D600D9B213 /* hotcity.plist */; };
		7EC3E80F1BB1229900D9B213 /* wolanDataModel.m in Sources */ = {isa = PBXBuildFile; fileRef = 7EC3E80E1BB1229900D9B213 /* wolanDataModel.m */; };
		7EDF2ED91BB3D483002C0E30 /* QuartzCore.framework in Frameworks */ = {isa = PBXBuildFile; fileRef = 7EDF2ED81BB3D483002C0E30 /* QuartzCore.framework */; };
		7EDF2EDD1BB51CDB002C0E30 /* homeCell.xib in Resources */ = {isa = PBXBuildFile; fileRef = 7EDF2EDC1BB51CDB002C0E30 /* homeCell.xib */; };
		7EDF2EE01BB52332002C0E30 /* PullingRefreshTableView.m in Sources */ = {isa = PBXBuildFile; fileRef = 7EDF2EDF1BB52332002C0E30 /* PullingRefreshTableView.m */; };
		7EDF2EE31BB525AE002C0E30 /* TTUITableViewZoomController.m in Sources */ = {isa = PBXBuildFile; fileRef = 7EDF2EE21BB525AE002C0E30 /* TTUITableViewZoomController.m */; };
		7EDF2EE61BB52A6F002C0E30 /* pic_background.png in Resources */ = {isa = PBXBuildFile; fileRef = 7EDF2EE41BB52A6F002C0E30 /* pic_background.png */; };
		7EDF2EE71BB52A6F002C0E30 /* pic_background@2x.png in Resources */ = {isa = PBXBuildFile; fileRef = 7EDF2EE51BB52A6F002C0E30 /* pic_background@2x.png */; };
		7EDF2EEA1BB535E4002C0E30 /* drop_down_renovate.png in Resources */ = {isa = PBXBuildFile; fileRef = 7EDF2EE81BB535E4002C0E30 /* drop_down_renovate.png */; };
		7EDF2EEB1BB535E4002C0E30 /* drop_down_renovate@2x.png in Resources */ = {isa = PBXBuildFile; fileRef = 7EDF2EE91BB535E4002C0E30 /* drop_down_renovate@2x.png */; };
		7EDF2EEE1BB53E87002C0E30 /* pic_fresh_n.png in Resources */ = {isa = PBXBuildFile; fileRef = 7EDF2EEC1BB53E87002C0E30 /* pic_fresh_n.png */; };
		7EDF2EEF1BB53E87002C0E30 /* pic_fresh_n@2x.png in Resources */ = {isa = PBXBuildFile; fileRef = 7EDF2EED1BB53E87002C0E30 /* pic_fresh_n@2x.png */; };
/* End PBXBuildFile section */

/* Begin PBXContainerItemProxy section */
		611FED091B8C4BD8009BC2A1 /* PBXContainerItemProxy */ = {
			isa = PBXContainerItemProxy;
			containerPortal = 611FECD81B8C4BD7009BC2A1 /* Project object */;
			proxyType = 1;
			remoteGlobalIDString = 611FECDF1B8C4BD7009BC2A1;
			remoteInfo = wolanIM;
		};
/* End PBXContainerItemProxy section */

/* Begin PBXFileReference section */
		28C4F5B30ACD4782672EF696 /* libPods.a */ = {isa = PBXFileReference; explicitFileType = archive.ar; includeInIndex = 0; path = libPods.a; sourceTree = BUILT_PRODUCTS_DIR; };
		4263CF9AFDAD8442BB137005 /* Pods.release.xcconfig */ = {isa = PBXFileReference; includeInIndex = 1; lastKnownFileType = text.xcconfig; name = Pods.release.xcconfig; path = "Pods/Target Support Files/Pods/Pods.release.xcconfig"; sourceTree = "<group>"; };
		611FECE01B8C4BD7009BC2A1 /* wolanIM.app */ = {isa = PBXFileReference; explicitFileType = wrapper.application; includeInIndex = 0; path = wolanIM.app; sourceTree = BUILT_PRODUCTS_DIR; };
		611FECE31B8C4BD7009BC2A1 /* Foundation.framework */ = {isa = PBXFileReference; lastKnownFileType = wrapper.framework; name = Foundation.framework; path = System/Library/Frameworks/Foundation.framework; sourceTree = SDKROOT; };
		611FECE51B8C4BD7009BC2A1 /* CoreGraphics.framework */ = {isa = PBXFileReference; lastKnownFileType = wrapper.framework; name = CoreGraphics.framework; path = System/Library/Frameworks/CoreGraphics.framework; sourceTree = SDKROOT; };
		611FECE71B8C4BD7009BC2A1 /* UIKit.framework */ = {isa = PBXFileReference; lastKnownFileType = wrapper.framework; name = UIKit.framework; path = System/Library/Frameworks/UIKit.framework; sourceTree = SDKROOT; };
		611FECEB1B8C4BD7009BC2A1 /* wolanIM-Info.plist */ = {isa = PBXFileReference; lastKnownFileType = text.plist.xml; path = "wolanIM-Info.plist"; sourceTree = "<group>"; };
		611FECED1B8C4BD7009BC2A1 /* en */ = {isa = PBXFileReference; lastKnownFileType = text.plist.strings; name = en; path = en.lproj/InfoPlist.strings; sourceTree = "<group>"; };
		611FECEF1B8C4BD7009BC2A1 /* main.m */ = {isa = PBXFileReference; lastKnownFileType = sourcecode.c.objc; path = main.m; sourceTree = "<group>"; };
		611FECF11B8C4BD7009BC2A1 /* wolanIM-Prefix.pch */ = {isa = PBXFileReference; lastKnownFileType = sourcecode.c.h; path = "wolanIM-Prefix.pch"; sourceTree = "<group>"; };
		611FECF21B8C4BD7009BC2A1 /* wolanAppDelegate.h */ = {isa = PBXFileReference; lastKnownFileType = sourcecode.c.h; path = wolanAppDelegate.h; sourceTree = "<group>"; };
		611FECF31B8C4BD7009BC2A1 /* wolanAppDelegate.m */ = {isa = PBXFileReference; lastKnownFileType = sourcecode.c.objc; path = wolanAppDelegate.m; sourceTree = "<group>"; };
		611FECF61B8C4BD8009BC2A1 /* Base */ = {isa = PBXFileReference; lastKnownFileType = file.storyboard; name = Base; path = Base.lproj/Main.storyboard; sourceTree = "<group>"; };
		611FECFE1B8C4BD8009BC2A1 /* Images.xcassets */ = {isa = PBXFileReference; lastKnownFileType = folder.assetcatalog; path = Images.xcassets; sourceTree = "<group>"; };
		611FED041B8C4BD8009BC2A1 /* wolanIMTests.xctest */ = {isa = PBXFileReference; explicitFileType = wrapper.cfbundle; includeInIndex = 0; path = wolanIMTests.xctest; sourceTree = BUILT_PRODUCTS_DIR; };
		611FED051B8C4BD8009BC2A1 /* XCTest.framework */ = {isa = PBXFileReference; lastKnownFileType = wrapper.framework; name = XCTest.framework; path = Library/Frameworks/XCTest.framework; sourceTree = DEVELOPER_DIR; };
		611FED0D1B8C4BD8009BC2A1 /* wolanIMTests-Info.plist */ = {isa = PBXFileReference; lastKnownFileType = text.plist.xml; path = "wolanIMTests-Info.plist"; sourceTree = "<group>"; };
		611FED0F1B8C4BD8009BC2A1 /* en */ = {isa = PBXFileReference; lastKnownFileType = text.plist.strings; name = en; path = en.lproj/InfoPlist.strings; sourceTree = "<group>"; };
		611FED111B8C4BD8009BC2A1 /* wolanIMTests.m */ = {isa = PBXFileReference; lastKnownFileType = sourcecode.c.objc; path = wolanIMTests.m; sourceTree = "<group>"; };
		61BF678A1B8EF5E50061BEF2 /* MyAsyncSocket.h */ = {isa = PBXFileReference; fileEncoding = 4; lastKnownFileType = sourcecode.c.h; path = MyAsyncSocket.h; sourceTree = "<group>"; };
		61BF678B1B8EF5E50061BEF2 /* MyAsyncSocket.m */ = {isa = PBXFileReference; fileEncoding = 4; lastKnownFileType = sourcecode.c.objc; path = MyAsyncSocket.m; sourceTree = "<group>"; };
		61BF678D1B8FFA1E0061BEF2 /* MyAsyncSocketConfig.h */ = {isa = PBXFileReference; fileEncoding = 4; lastKnownFileType = sourcecode.c.h; path = MyAsyncSocketConfig.h; sourceTree = "<group>"; };
		61BF67911B902BEB0061BEF2 /* wolanLogin.h */ = {isa = PBXFileReference; fileEncoding = 4; lastKnownFileType = sourcecode.c.h; path = wolanLogin.h; sourceTree = "<group>"; };
		61BF67921B902BEB0061BEF2 /* wolanLogin.m */ = {isa = PBXFileReference; fileEncoding = 4; lastKnownFileType = sourcecode.c.objc; path = wolanLogin.m; sourceTree = "<group>"; };
		7E0FE5EB1BAABEB500FDC653 /* home.png */ = {isa = PBXFileReference; lastKnownFileType = image.png; path = home.png; sourceTree = "<group>"; };
		7E0FE5EC1BAABEB500FDC653 /* message.png */ = {isa = PBXFileReference; lastKnownFileType = image.png; path = message.png; sourceTree = "<group>"; };
		7E0FE5ED1BAABEB500FDC653 /* my.png */ = {isa = PBXFileReference; lastKnownFileType = image.png; path = my.png; sourceTree = "<group>"; };
		7E0FE5F11BABB7B400FDC653 /* wolanHomeViewController.h */ = {isa = PBXFileReference; fileEncoding = 4; lastKnownFileType = sourcecode.c.h; path = wolanHomeViewController.h; sourceTree = "<group>"; };
		7E0FE5F21BABB7B400FDC653 /* wolanHomeViewController.m */ = {isa = PBXFileReference; fileEncoding = 4; lastKnownFileType = sourcecode.c.objc; path = wolanHomeViewController.m; sourceTree = "<group>"; };
		7E0FE5F91BABF3F500FDC653 /* wolanMsgViewController.h */ = {isa = PBXFileReference; fileEncoding = 4; lastKnownFileType = sourcecode.c.h; path = wolanMsgViewController.h; sourceTree = "<group>"; };
		7E0FE5FA1BABF3F500FDC653 /* wolanMsgViewController.m */ = {isa = PBXFileReference; fileEncoding = 4; lastKnownFileType = sourcecode.c.objc; path = wolanMsgViewController.m; sourceTree = "<group>"; };
		7E0FE5FC1BABF40300FDC653 /* wolanMy.h */ = {isa = PBXFileReference; fileEncoding = 4; lastKnownFileType = sourcecode.c.h; path = wolanMy.h; sourceTree = "<group>"; };
		7E0FE5FD1BABF40300FDC653 /* wolanMy.m */ = {isa = PBXFileReference; fileEncoding = 4; lastKnownFileType = sourcecode.c.objc; path = wolanMy.m; sourceTree = "<group>"; };
		7E31238A1BB8E65500C91C29 /* pic_plank_down.png */ = {isa = PBXFileReference; lastKnownFileType = image.png; path = pic_plank_down.png; sourceTree = "<group>"; };
		7E31238B1BB8E65500C91C29 /* pic_plank_down@2x.png */ = {isa = PBXFileReference; lastKnownFileType = image.png; path = "pic_plank_down@2x.png"; sourceTree = "<group>"; };
		7E31238E1BB8E6AE00C91C29 /* pic_plank_among.png */ = {isa = PBXFileReference; lastKnownFileType = image.png; path = pic_plank_among.png; sourceTree = "<group>"; };
		7E31238F1BB8E6AE00C91C29 /* pic_plank_among@2x.png */ = {isa = PBXFileReference; lastKnownFileType = image.png; path = "pic_plank_among@2x.png"; sourceTree = "<group>"; };
		7E3123921BB8E79D00C91C29 /* pic_fresh_n 2.png */ = {isa = PBXFileReference; lastKnownFileType = image.png; path = "pic_fresh_n 2.png"; sourceTree = "<group>"; };
		7E3123931BB8E79D00C91C29 /* pic_fresh_n@2x 2.png */ = {isa = PBXFileReference; lastKnownFileType = image.png; path = "pic_fresh_n@2x 2.png"; sourceTree = "<group>"; };
		7E3123941BB8E79D00C91C29 /* pic_icon_fresh.png */ = {isa = PBXFileReference; lastKnownFileType = image.png; path = pic_icon_fresh.png; sourceTree = "<group>"; };
		7E3123951BB8E79D00C91C29 /* pic_icon_fresh@2x.png */ = {isa = PBXFileReference; lastKnownFileType = image.png; path = "pic_icon_fresh@2x.png"; sourceTree = "<group>"; };
		7E3123961BB8E79D00C91C29 /* pic_plank_up.png */ = {isa = PBXFileReference; lastKnownFileType = image.png; path = pic_plank_up.png; sourceTree = "<group>"; };
		7E3123971BB8E79D00C91C29 /* pic_plank_up@2x.png */ = {isa = PBXFileReference; lastKnownFileType = image.png; path = "pic_plank_up@2x.png"; sourceTree = "<group>"; };
		7E31239F1BB91EBB00C91C29 /* DOPNavbarMenu.h */ = {isa = PBXFileReference; fileEncoding = 4; lastKnownFileType = sourcecode.c.h; path = DOPNavbarMenu.h; sourceTree = "<group>"; };
		7E3123A01BB91EBB00C91C29 /* DOPNavbarMenu.m */ = {isa = PBXFileReference; fileEncoding = 4; lastKnownFileType = sourcecode.c.objc; path = DOPNavbarMenu.m; sourceTree = "<group>"; };
		7E3123A21BB91F9300C91C29 /* UIView+DOPExtension.h */ = {isa = PBXFileReference; fileEncoding = 4; lastKnownFileType = sourcecode.c.h; path = "UIView+DOPExtension.h"; sourceTree = "<group>"; };
		7E3123A31BB91F9300C91C29 /* UIView+DOPExtension.m */ = {isa = PBXFileReference; fileEncoding = 4; lastKnownFileType = sourcecode.c.objc; path = "UIView+DOPExtension.m"; sourceTree = "<group>"; };
		7E3123A51BB9253B00C91C29 /* all.png */ = {isa = PBXFileReference; lastKnownFileType = image.png; path = all.png; sourceTree = "<group>"; };
		7E3123A61BB9253B00C91C29 /* man.png */ = {isa = PBXFileReference; lastKnownFileType = image.png; path = man.png; sourceTree = "<group>"; };
		7E3123A71BB9253B00C91C29 /* woman.png */ = {isa = PBXFileReference; lastKnownFileType = image.png; path = woman.png; sourceTree = "<group>"; };
		7E3123AB1BB93E5300C91C29 /* draft.png */ = {isa = PBXFileReference; lastKnownFileType = image.png; path = draft.png; sourceTree = "<group>"; };
		7E3123AC1BB93E5300C91C29 /* receive.png */ = {isa = PBXFileReference; lastKnownFileType = image.png; path = receive.png; sourceTree = "<group>"; };
		7E3123AD1BB93E5300C91C29 /* send.png */ = {isa = PBXFileReference; lastKnownFileType = image.png; path = send.png; sourceTree = "<group>"; };
		7E3123AE1BB93E5300C91C29 /* woman.png */ = {isa = PBXFileReference; lastKnownFileType = image.png; path = woman.png; sourceTree = "<group>"; };
		7E3123B31BB9426B00C91C29 /* msgCell.xib */ = {isa = PBXFileReference; fileEncoding = 4; lastKnownFileType = file.xib; path = msgCell.xib; sourceTree = "<group>"; };
		7E3123B71BB9439C00C91C29 /* wolanDataModel_Msg.h */ = {isa = PBXFileReference; fileEncoding = 4; lastKnownFileType = sourcecode.c.h; path = wolanDataModel_Msg.h; sourceTree = "<group>"; };
		7E3123B81BB9439C00C91C29 /* wolanDataModel_Msg.m */ = {isa = PBXFileReference; fileEncoding = 4; lastKnownFileType = sourcecode.c.objc; path = wolanDataModel_Msg.m; sourceTree = "<group>"; };
		7E3123BA1BB94A3300C91C29 /* pic_plank_down_line.png */ = {isa = PBXFileReference; lastKnownFileType = image.png; path = pic_plank_down_line.png; sourceTree = "<group>"; };
		7E3123BC1BBA580D00C91C29 /* msgDetailCell_Rec.xib */ = {isa = PBXFileReference; fileEncoding = 4; lastKnownFileType = file.xib; path = msgDetailCell_Rec.xib; sourceTree = "<group>"; };
		7E3123BE1BBA5EF200C91C29 /* msgDetailCell_Snd.xib */ = {isa = PBXFileReference; fileEncoding = 4; lastKnownFileType = file.xib; path = msgDetailCell_Snd.xib; sourceTree = "<group>"; };
		7E3123C01BBA606300C91C29 /* wolanMsgDetailViewController.h */ = {isa = PBXFileReference; fileEncoding = 4; lastKnownFileType = sourcecode.c.h; path = wolanMsgDetailViewController.h; sourceTree = "<group>"; };
		7E3123C11BBA606300C91C29 /* wolanMsgDetailViewController.m */ = {isa = PBXFileReference; fileEncoding = 4; lastKnownFileType = sourcecode.c.objc; path = wolanMsgDetailViewController.m; sourceTree = "<group>"; };
		7E3123C31BBA61E000C91C29 /* wolanDataModel_Msg_Rec.m */ = {isa = PBXFileReference; fileEncoding = 4; lastKnownFileType = sourcecode.c.objc; path = wolanDataModel_Msg_Rec.m; sourceTree = "<group>"; };
		7E3123C41BBA61E000C91C29 /* wolanDataModel_Msg_Rec.h */ = {isa = PBXFileReference; fileEncoding = 4; lastKnownFileType = sourcecode.c.h; path = wolanDataModel_Msg_Rec.h; sourceTree = "<group>"; };
		7E3123C51BBA61E000C91C29 /* wolanDataModel_Msg_Snd.h */ = {isa = PBXFileReference; fileEncoding = 4; lastKnownFileType = sourcecode.c.h; path = wolanDataModel_Msg_Snd.h; sourceTree = "<group>"; };
		7E3123C61BBA61E000C91C29 /* wolanDataModel_Msg_Snd.m */ = {isa = PBXFileReference; fileEncoding = 4; lastKnownFileType = sourcecode.c.objc; path = wolanDataModel_Msg_Snd.m; sourceTree = "<group>"; };
		7EC3E8061BAFDD1700D9B213 /* wolanDataModel.h */ = {isa = PBXFileReference; lastKnownFileType = sourcecode.c.h; path = wolanDataModel.h; sourceTree = "<group>"; };
		7EC3E8081BAFE19800D9B213 /* Rule */ = {isa = PBXFileReference; fileEncoding = 4; lastKnownFileType = text; path = Rule; sourceTree = "<group>"; };
		7EC3E80A1BAFE3CA00D9B213 /* city.plist */ = {isa = PBXFileReference; fileEncoding = 4; lastKnownFileType = text.plist.xml; path = city.plist; sourceTree = "<group>"; };
		7EC3E80C1BAFE3D600D9B213 /* hotcity.plist */ = {isa = PBXFileReference; fileEncoding = 4; lastKnownFileType = text.plist.xml; path = hotcity.plist; sourceTree = "<group>"; };
		7EC3E80E1BB1229900D9B213 /* wolanDataModel.m */ = {isa = PBXFileReference; fileEncoding = 4; lastKnownFileType = sourcecode.c.objc; path = wolanDataModel.m; sourceTree = "<group>"; };
		7EDF2ED81BB3D483002C0E30 /* QuartzCore.framework */ = {isa = PBXFileReference; lastKnownFileType = wrapper.framework; name = QuartzCore.framework; path = System/Library/Frameworks/QuartzCore.framework; sourceTree = SDKROOT; };
		7EDF2EDC1BB51CDB002C0E30 /* homeCell.xib */ = {isa = PBXFileReference; fileEncoding = 4; lastKnownFileType = file.xib; path = homeCell.xib; sourceTree = "<group>"; };
		7EDF2EDE1BB52332002C0E30 /* PullingRefreshTableView.h */ = {isa = PBXFileReference; fileEncoding = 4; lastKnownFileType = sourcecode.c.h; path = PullingRefreshTableView.h; sourceTree = "<group>"; };
		7EDF2EDF1BB52332002C0E30 /* PullingRefreshTableView.m */ = {isa = PBXFileReference; fileEncoding = 4; lastKnownFileType = sourcecode.c.objc; path = PullingRefreshTableView.m; sourceTree = "<group>"; };
		7EDF2EE11BB525AE002C0E30 /* TTUITableViewZoomController.h */ = {isa = PBXFileReference; fileEncoding = 4; lastKnownFileType = sourcecode.c.h; path = TTUITableViewZoomController.h; sourceTree = "<group>"; };
		7EDF2EE21BB525AE002C0E30 /* TTUITableViewZoomController.m */ = {isa = PBXFileReference; fileEncoding = 4; lastKnownFileType = sourcecode.c.objc; path = TTUITableViewZoomController.m; sourceTree = "<group>"; };
		7EDF2EE41BB52A6F002C0E30 /* pic_background.png */ = {isa = PBXFileReference; lastKnownFileType = image.png; path = pic_background.png; sourceTree = "<group>"; };
		7EDF2EE51BB52A6F002C0E30 /* pic_background@2x.png */ = {isa = PBXFileReference; lastKnownFileType = image.png; path = "pic_background@2x.png"; sourceTree = "<group>"; };
		7EDF2EE81BB535E4002C0E30 /* drop_down_renovate.png */ = {isa = PBXFileReference; lastKnownFileType = image.png; path = drop_down_renovate.png; sourceTree = "<group>"; };
		7EDF2EE91BB535E4002C0E30 /* drop_down_renovate@2x.png */ = {isa = PBXFileReference; lastKnownFileType = image.png; path = "drop_down_renovate@2x.png"; sourceTree = "<group>"; };
		7EDF2EEC1BB53E87002C0E30 /* pic_fresh_n.png */ = {isa = PBXFileReference; lastKnownFileType = image.png; path = pic_fresh_n.png; sourceTree = "<group>"; };
		7EDF2EED1BB53E87002C0E30 /* pic_fresh_n@2x.png */ = {isa = PBXFileReference; lastKnownFileType = image.png; path = "pic_fresh_n@2x.png"; sourceTree = "<group>"; };
		962D68C150AFAD56621B3091 /* Pods.debug.xcconfig */ = {isa = PBXFileReference; includeInIndex = 1; lastKnownFileType = text.xcconfig; name = Pods.debug.xcconfig; path = "Pods/Target Support Files/Pods/Pods.debug.xcconfig"; sourceTree = "<group>"; };
/* End PBXFileReference section */

/* Begin PBXFrameworksBuildPhase section */
		611FECDD1B8C4BD7009BC2A1 /* Frameworks */ = {
			isa = PBXFrameworksBuildPhase;
			buildActionMask = 2147483647;
			files = (
				7EDF2ED91BB3D483002C0E30 /* QuartzCore.framework in Frameworks */,
				611FECE61B8C4BD7009BC2A1 /* CoreGraphics.framework in Frameworks */,
				611FECE81B8C4BD7009BC2A1 /* UIKit.framework in Frameworks */,
				611FECE41B8C4BD7009BC2A1 /* Foundation.framework in Frameworks */,
				3E66C8A50D5B48CA02A671CA /* libPods.a in Frameworks */,
			);
			runOnlyForDeploymentPostprocessing = 0;
		};
		611FED011B8C4BD8009BC2A1 /* Frameworks */ = {
			isa = PBXFrameworksBuildPhase;
			buildActionMask = 2147483647;
			files = (
				611FED061B8C4BD8009BC2A1 /* XCTest.framework in Frameworks */,
				611FED081B8C4BD8009BC2A1 /* UIKit.framework in Frameworks */,
				611FED071B8C4BD8009BC2A1 /* Foundation.framework in Frameworks */,
			);
			runOnlyForDeploymentPostprocessing = 0;
		};
/* End PBXFrameworksBuildPhase section */

/* Begin PBXGroup section */
		0057BA11A93468411482453D /* Pods */ = {
			isa = PBXGroup;
			children = (
				962D68C150AFAD56621B3091 /* Pods.debug.xcconfig */,
				4263CF9AFDAD8442BB137005 /* Pods.release.xcconfig */,
			);
			name = Pods;
			sourceTree = "<group>";
		};
		6105D7EE1B956C8D0068307D /* Main */ = {
			isa = PBXGroup;
			children = (
				611FECF11B8C4BD7009BC2A1 /* wolanIM-Prefix.pch */,
				611FECEF1B8C4BD7009BC2A1 /* main.m */,
				611FECF31B8C4BD7009BC2A1 /* wolanAppDelegate.m */,
				611FECF21B8C4BD7009BC2A1 /* wolanAppDelegate.h */,
			);
			name = Main;
			sourceTree = "<group>";
		};
		6105D7EF1B956CB50068307D /* UI */ = {
			isa = PBXGroup;
			children = (
				7E3123B51BB9428200C91C29 /* Message */,
				7E0FE6021BAC069100FDC653 /* Home */,
				611FECF51B8C4BD8009BC2A1 /* Main.storyboard */,
			);
			name = UI;
			sourceTree = "<group>";
		};
		6105D7F01B956CC80068307D /* Resources */ = {
			isa = PBXGroup;
			children = (
				61AF792A1B96CEE900971BFD /* image */,
				611FECFE1B8C4BD8009BC2A1 /* Images.xcassets */,
				7EC3E80A1BAFE3CA00D9B213 /* city.plist */,
				7EC3E80C1BAFE3D600D9B213 /* hotcity.plist */,
			);
			name = Resources;
			sourceTree = "<group>";
		};
		6105D7F11B959B120068307D /* ViewControl */ = {
			isa = PBXGroup;
			children = (
				7E31239E1BB91EA300C91C29 /* Public */,
				7EDF2EF21BB55E5F002C0E30 /* Main */,
				7EC3E8011BAFAA1E00D9B213 /* Login */,
				7EC3E8001BAFAA1100D9B213 /* My */,
				7EC3E7FF1BAFAA0200D9B213 /* Message */,
				7E0FE6011BAC067900FDC653 /* Home */,
			);
			name = ViewControl;
			sourceTree = "<group>";
		};
		611FECD71B8C4BD7009BC2A1 = {
			isa = PBXGroup;
			children = (
				611FECE91B8C4BD7009BC2A1 /* wolanIM */,
				611FED0B1B8C4BD8009BC2A1 /* wolanIMTests */,
				611FECE21B8C4BD7009BC2A1 /* Frameworks */,
				611FECE11B8C4BD7009BC2A1 /* Products */,
				0057BA11A93468411482453D /* Pods */,
			);
			sourceTree = "<group>";
		};
		611FECE11B8C4BD7009BC2A1 /* Products */ = {
			isa = PBXGroup;
			children = (
				611FECE01B8C4BD7009BC2A1 /* wolanIM.app */,
				611FED041B8C4BD8009BC2A1 /* wolanIMTests.xctest */,
			);
			name = Products;
			sourceTree = "<group>";
		};
		611FECE21B8C4BD7009BC2A1 /* Frameworks */ = {
			isa = PBXGroup;
			children = (
				7EDF2ED81BB3D483002C0E30 /* QuartzCore.framework */,
				611FECE31B8C4BD7009BC2A1 /* Foundation.framework */,
				611FECE51B8C4BD7009BC2A1 /* CoreGraphics.framework */,
				611FECE71B8C4BD7009BC2A1 /* UIKit.framework */,
				611FED051B8C4BD8009BC2A1 /* XCTest.framework */,
				28C4F5B30ACD4782672EF696 /* libPods.a */,
			);
			name = Frameworks;
			sourceTree = "<group>";
		};
		611FECE91B8C4BD7009BC2A1 /* wolanIM */ = {
			isa = PBXGroup;
			children = (
				7E3123CD1BBA979800C91C29 /* Service */,
				7EC3E8071BAFE18300D9B213 /* Document */,
				7EC3E8021BAFDC0300D9B213 /* DataModel */,
				6105D7F11B959B120068307D /* ViewControl */,
				6105D7F01B956CC80068307D /* Resources */,
				6105D7EF1B956CB50068307D /* UI */,
				6105D7EE1B956C8D0068307D /* Main */,
				61BF67891B8EF5B70061BEF2 /* Communication */,
				611FECEA1B8C4BD7009BC2A1 /* Supporting Files */,
			);
			path = wolanIM;
			sourceTree = "<group>";
		};
		611FECEA1B8C4BD7009BC2A1 /* Supporting Files */ = {
			isa = PBXGroup;
			children = (
				611FECEB1B8C4BD7009BC2A1 /* wolanIM-Info.plist */,
				611FECEC1B8C4BD7009BC2A1 /* InfoPlist.strings */,
			);
			name = "Supporting Files";
			sourceTree = "<group>";
		};
		611FED0B1B8C4BD8009BC2A1 /* wolanIMTests */ = {
			isa = PBXGroup;
			children = (
				611FED111B8C4BD8009BC2A1 /* wolanIMTests.m */,
				611FED0C1B8C4BD8009BC2A1 /* Supporting Files */,
			);
			path = wolanIMTests;
			sourceTree = "<group>";
		};
		611FED0C1B8C4BD8009BC2A1 /* Supporting Files */ = {
			isa = PBXGroup;
			children = (
				611FED0D1B8C4BD8009BC2A1 /* wolanIMTests-Info.plist */,
				611FED0E1B8C4BD8009BC2A1 /* InfoPlist.strings */,
			);
			name = "Supporting Files";
			sourceTree = "<group>";
		};
		61AF792A1B96CEE900971BFD /* image */ = {
			isa = PBXGroup;
			children = (
				7E3123BA1BB94A3300C91C29 /* pic_plank_down_line.png */,
				7E3123AB1BB93E5300C91C29 /* draft.png */,
				7E3123AC1BB93E5300C91C29 /* receive.png */,
				7E3123AD1BB93E5300C91C29 /* send.png */,
				7E3123AE1BB93E5300C91C29 /* woman.png */,
				7E3123A51BB9253B00C91C29 /* all.png */,
				7E3123A61BB9253B00C91C29 /* man.png */,
				7E3123A71BB9253B00C91C29 /* woman.png */,
				7E3123921BB8E79D00C91C29 /* pic_fresh_n 2.png */,
				7E3123931BB8E79D00C91C29 /* pic_fresh_n@2x 2.png */,
				7E3123941BB8E79D00C91C29 /* pic_icon_fresh.png */,
				7E3123951BB8E79D00C91C29 /* pic_icon_fresh@2x.png */,
				7E3123961BB8E79D00C91C29 /* pic_plank_up.png */,
				7E3123971BB8E79D00C91C29 /* pic_plank_up@2x.png */,
				7E31238E1BB8E6AE00C91C29 /* pic_plank_among.png */,
				7E31238F1BB8E6AE00C91C29 /* pic_plank_among@2x.png */,
				7E31238A1BB8E65500C91C29 /* pic_plank_down.png */,
				7E31238B1BB8E65500C91C29 /* pic_plank_down@2x.png */,
				7EDF2EEC1BB53E87002C0E30 /* pic_fresh_n.png */,
				7EDF2EED1BB53E87002C0E30 /* pic_fresh_n@2x.png */,
				7EDF2EE81BB535E4002C0E30 /* drop_down_renovate.png */,
				7EDF2EE91BB535E4002C0E30 /* drop_down_renovate@2x.png */,
				7EDF2EE41BB52A6F002C0E30 /* pic_background.png */,
				7EDF2EE51BB52A6F002C0E30 /* pic_background@2x.png */,
				7E0FE5EB1BAABEB500FDC653 /* home.png */,
				7E0FE5EC1BAABEB500FDC653 /* message.png */,
				7E0FE5ED1BAABEB500FDC653 /* my.png */,
			);
			path = image;
			sourceTree = "<group>";
		};
		61BF67891B8EF5B70061BEF2 /* Communication */ = {
			isa = PBXGroup;
			children = (
				61BF678A1B8EF5E50061BEF2 /* MyAsyncSocket.h */,
				61BF678B1B8EF5E50061BEF2 /* MyAsyncSocket.m */,
				61BF678D1B8FFA1E0061BEF2 /* MyAsyncSocketConfig.h */,
			);
			name = Communication;
			sourceTree = "<group>";
		};
		7E0FE6011BAC067900FDC653 /* Home */ = {
			isa = PBXGroup;
			children = (
				7E0FE5F11BABB7B400FDC653 /* wolanHomeViewController.h */,
				7E0FE5F21BABB7B400FDC653 /* wolanHomeViewController.m */,
			);
			name = Home;
			sourceTree = "<group>";
		};
		7E0FE6021BAC069100FDC653 /* Home */ = {
			isa = PBXGroup;
			children = (
				7EDF2EDC1BB51CDB002C0E30 /* homeCell.xib */,
			);
			name = Home;
			sourceTree = "<group>";
		};
		7E31239E1BB91EA300C91C29 /* Public */ = {
			isa = PBXGroup;
			children = (
				7E3123A21BB91F9300C91C29 /* UIView+DOPExtension.h */,
				7E3123A31BB91F9300C91C29 /* UIView+DOPExtension.m */,
				7E31239F1BB91EBB00C91C29 /* DOPNavbarMenu.h */,
				7E3123A01BB91EBB00C91C29 /* DOPNavbarMenu.m */,
			);
			name = Public;
			sourceTree = "<group>";
		};
		7E3123B51BB9428200C91C29 /* Message */ = {
			isa = PBXGroup;
			children = (
				7E3123BE1BBA5EF200C91C29 /* msgDetailCell_Snd.xib */,
				7E3123B31BB9426B00C91C29 /* msgCell.xib */,
				7E3123BC1BBA580D00C91C29 /* msgDetailCell_Rec.xib */,
			);
			name = Message;
			sourceTree = "<group>";
		};
		7E3123B61BB9435400C91C29 /* Message */ = {
			isa = PBXGroup;
			children = (
				7E3123C31BBA61E000C91C29 /* wolanDataModel_Msg_Rec.m */,
				7E3123C41BBA61E000C91C29 /* wolanDataModel_Msg_Rec.h */,
				7E3123C51BBA61E000C91C29 /* wolanDataModel_Msg_Snd.h */,
				7E3123C61BBA61E000C91C29 /* wolanDataModel_Msg_Snd.m */,
				7E3123B71BB9439C00C91C29 /* wolanDataModel_Msg.h */,
				7E3123B81BB9439C00C91C29 /* wolanDataModel_Msg.m */,
			);
			name = Message;
			sourceTree = "<group>";
		};
		7E3123CD1BBA979800C91C29 /* Service */ = {
			isa = PBXGroup;
			children = (
			);
			name = Service;
			sourceTree = "<group>";
		};
		7EC3E7FF1BAFAA0200D9B213 /* Message */ = {
			isa = PBXGroup;
			children = (
				7E3123C01BBA606300C91C29 /* wolanMsgDetailViewController.h */,
				7E3123C11BBA606300C91C29 /* wolanMsgDetailViewController.m */,
				7E0FE5F91BABF3F500FDC653 /* wolanMsgViewController.h */,
				7E0FE5FA1BABF3F500FDC653 /* wolanMsgViewController.m */,
			);
			name = Message;
			sourceTree = "<group>";
		};
		7EC3E8001BAFAA1100D9B213 /* My */ = {
			isa = PBXGroup;
			children = (
				7E0FE5FC1BABF40300FDC653 /* wolanMy.h */,
				7E0FE5FD1BABF40300FDC653 /* wolanMy.m */,
			);
			name = My;
			sourceTree = "<group>";
		};
		7EC3E8011BAFAA1E00D9B213 /* Login */ = {
			isa = PBXGroup;
			children = (
				61BF67911B902BEB0061BEF2 /* wolanLogin.h */,
				61BF67921B902BEB0061BEF2 /* wolanLogin.m */,
			);
			name = Login;
			sourceTree = "<group>";
		};
		7EC3E8021BAFDC0300D9B213 /* DataModel */ = {
			isa = PBXGroup;
			children = (
				7E3123B61BB9435400C91C29 /* Message */,
				7EC3E8031BAFDC1E00D9B213 /* Home */,
			);
			name = DataModel;
			sourceTree = "<group>";
		};
		7EC3E8031BAFDC1E00D9B213 /* Home */ = {
			isa = PBXGroup;
			children = (
				7EDF2EE11BB525AE002C0E30 /* TTUITableViewZoomController.h */,
				7EDF2EE21BB525AE002C0E30 /* TTUITableViewZoomController.m */,
				7EDF2EDE1BB52332002C0E30 /* PullingRefreshTableView.h */,
				7EDF2EDF1BB52332002C0E30 /* PullingRefreshTableView.m */,
				7EC3E8061BAFDD1700D9B213 /* wolanDataModel.h */,
				7EC3E80E1BB1229900D9B213 /* wolanDataModel.m */,
			);
			name = Home;
			sourceTree = "<group>";
		};
		7EC3E8071BAFE18300D9B213 /* Document */ = {
			isa = PBXGroup;
			children = (
				7EC3E8081BAFE19800D9B213 /* Rule */,
			);
			name = Document;
			sourceTree = "<group>";
		};
		7EDF2EF21BB55E5F002C0E30 /* Main */ = {
			isa = PBXGroup;
			children = (
			);
			name = Main;
			sourceTree = "<group>";
		};
/* End PBXGroup section */

/* Begin PBXNativeTarget section */
		611FECDF1B8C4BD7009BC2A1 /* wolanIM */ = {
			isa = PBXNativeTarget;
			buildConfigurationList = 611FED151B8C4BD8009BC2A1 /* Build configuration list for PBXNativeTarget "wolanIM" */;
			buildPhases = (
				D41908BD0909E7D94EEC1391 /* Check Pods Manifest.lock */,
				611FECDC1B8C4BD7009BC2A1 /* Sources */,
				611FECDD1B8C4BD7009BC2A1 /* Frameworks */,
				611FECDE1B8C4BD7009BC2A1 /* Resources */,
				8CE9853C73C50B9CF70C1B52 /* Copy Pods Resources */,
			);
			buildRules = (
			);
			dependencies = (
			);
			name = wolanIM;
			productName = wolanIM;
			productReference = 611FECE01B8C4BD7009BC2A1 /* wolanIM.app */;
			productType = "com.apple.product-type.application";
		};
		611FED031B8C4BD8009BC2A1 /* wolanIMTests */ = {
			isa = PBXNativeTarget;
			buildConfigurationList = 611FED181B8C4BD8009BC2A1 /* Build configuration list for PBXNativeTarget "wolanIMTests" */;
			buildPhases = (
				611FED001B8C4BD8009BC2A1 /* Sources */,
				611FED011B8C4BD8009BC2A1 /* Frameworks */,
				611FED021B8C4BD8009BC2A1 /* Resources */,
			);
			buildRules = (
			);
			dependencies = (
				611FED0A1B8C4BD8009BC2A1 /* PBXTargetDependency */,
			);
			name = wolanIMTests;
			productName = wolanIMTests;
			productReference = 611FED041B8C4BD8009BC2A1 /* wolanIMTests.xctest */;
			productType = "com.apple.product-type.bundle.unit-test";
		};
/* End PBXNativeTarget section */

/* Begin PBXProject section */
		611FECD81B8C4BD7009BC2A1 /* Project object */ = {
			isa = PBXProject;
			attributes = {
				CLASSPREFIX = wolan;
				LastUpgradeCheck = 0510;
				ORGANIZATIONNAME = wolan;
				TargetAttributes = {
					611FED031B8C4BD8009BC2A1 = {
						TestTargetID = 611FECDF1B8C4BD7009BC2A1;
					};
				};
			};
			buildConfigurationList = 611FECDB1B8C4BD7009BC2A1 /* Build configuration list for PBXProject "wolanIM" */;
			compatibilityVersion = "Xcode 3.2";
			developmentRegion = English;
			hasScannedForEncodings = 0;
			knownRegions = (
				en,
				Base,
			);
			mainGroup = 611FECD71B8C4BD7009BC2A1;
			productRefGroup = 611FECE11B8C4BD7009BC2A1 /* Products */;
			projectDirPath = "";
			projectRoot = "";
			targets = (
				611FECDF1B8C4BD7009BC2A1 /* wolanIM */,
				611FED031B8C4BD8009BC2A1 /* wolanIMTests */,
			);
		};
/* End PBXProject section */

/* Begin PBXResourcesBuildPhase section */
		611FECDE1B8C4BD7009BC2A1 /* Resources */ = {
			isa = PBXResourcesBuildPhase;
			buildActionMask = 2147483647;
			files = (
				7E0FE5F01BAABEB500FDC653 /* my.png in Resources */,
				7EDF2EE61BB52A6F002C0E30 /* pic_background.png in Resources */,
				7E3123911BB8E6AE00C91C29 /* pic_plank_among@2x.png in Resources */,
				7E3123AA1BB9253B00C91C29 /* woman.png in Resources */,
				7E0FE5EE1BAABEB500FDC653 /* home.png in Resources */,
				7E3123B41BB9426B00C91C29 /* msgCell.xib in Resources */,
				7E3123B11BB93E5300C91C29 /* send.png in Resources */,
				7E31239B1BB8E79D00C91C29 /* pic_icon_fresh@2x.png in Resources */,
				7E3123B01BB93E5300C91C29 /* receive.png in Resources */,
				7E0FE5EF1BAABEB500FDC653 /* message.png in Resources */,
				7E3123A91BB9253B00C91C29 /* man.png in Resources */,
				7E3123B21BB93E5300C91C29 /* woman.png in Resources */,
				7E31238D1BB8E65500C91C29 /* pic_plank_down@2x.png in Resources */,
				7EC3E80B1BAFE3CA00D9B213 /* city.plist in Resources */,
				7E3123BF1BBA5EF200C91C29 /* msgDetailCell_Snd.xib in Resources */,
				7E31239D1BB8E79D00C91C29 /* pic_plank_up@2x.png in Resources */,
				7E3123A81BB9253B00C91C29 /* all.png in Resources */,
				7EDF2EEA1BB535E4002C0E30 /* drop_down_renovate.png in Resources */,
				7EDF2EEE1BB53E87002C0E30 /* pic_fresh_n.png in Resources */,
				611FECFF1B8C4BD8009BC2A1 /* Images.xcassets in Resources */,
				7EC3E8091BAFE19800D9B213 /* Rule in Resources */,
				7E3123BD1BBA580D00C91C29 /* msgDetailCell_Rec.xib in Resources */,
				7E31239C1BB8E79D00C91C29 /* pic_plank_up.png in Resources */,
				611FECEE1B8C4BD7009BC2A1 /* InfoPlist.strings in Resources */,
				7E3123981BB8E79D00C91C29 /* pic_fresh_n 2.png in Resources */,
				7EC3E80D1BAFE3D600D9B213 /* hotcity.plist in Resources */,
				7E3123901BB8E6AE00C91C29 /* pic_plank_among.png in Resources */,
				7EDF2EE71BB52A6F002C0E30 /* pic_background@2x.png in Resources */,
				7E31239A1BB8E79D00C91C29 /* pic_icon_fresh.png in Resources */,
				7EDF2EEB1BB535E4002C0E30 /* drop_down_renovate@2x.png in Resources */,
				611FECF71B8C4BD8009BC2A1 /* Main.storyboard in Resources */,
				7E3123AF1BB93E5300C91C29 /* draft.png in Resources */,
				7EDF2EDD1BB51CDB002C0E30 /* homeCell.xib in Resources */,
				7E3123991BB8E79D00C91C29 /* pic_fresh_n@2x 2.png in Resources */,
				7E3123BB1BB94A3300C91C29 /* pic_plank_down_line.png in Resources */,
				7EDF2EEF1BB53E87002C0E30 /* pic_fresh_n@2x.png in Resources */,
				7E31238C1BB8E65500C91C29 /* pic_plank_down.png in Resources */,
			);
			runOnlyForDeploymentPostprocessing = 0;
		};
		611FED021B8C4BD8009BC2A1 /* Resources */ = {
			isa = PBXResourcesBuildPhase;
			buildActionMask = 2147483647;
			files = (
				611FED101B8C4BD8009BC2A1 /* InfoPlist.strings in Resources */,
			);
			runOnlyForDeploymentPostprocessing = 0;
		};
/* End PBXResourcesBuildPhase section */

/* Begin PBXShellScriptBuildPhase section */
		8CE9853C73C50B9CF70C1B52 /* Copy Pods Resources */ = {
			isa = PBXShellScriptBuildPhase;
			buildActionMask = 2147483647;
			files = (
			);
			inputPaths = (
			);
			name = "Copy Pods Resources";
			outputPaths = (
			);
			runOnlyForDeploymentPostprocessing = 0;
			shellPath = /bin/sh;
			shellScript = "\"${SRCROOT}/Pods/Target Support Files/Pods/Pods-resources.sh\"\n";
			showEnvVarsInLog = 0;
		};
		D41908BD0909E7D94EEC1391 /* Check Pods Manifest.lock */ = {
			isa = PBXShellScriptBuildPhase;
			buildActionMask = 2147483647;
			files = (
			);
			inputPaths = (
			);
			name = "Check Pods Manifest.lock";
			outputPaths = (
			);
			runOnlyForDeploymentPostprocessing = 0;
			shellPath = /bin/sh;
			shellScript = "diff \"${PODS_ROOT}/../Podfile.lock\" \"${PODS_ROOT}/Manifest.lock\" > /dev/null\nif [[ $? != 0 ]] ; then\n    cat << EOM\nerror: The sandbox is not in sync with the Podfile.lock. Run 'pod install' or update your CocoaPods installation.\nEOM\n    exit 1\nfi\n";
			showEnvVarsInLog = 0;
		};
/* End PBXShellScriptBuildPhase section */

/* Begin PBXSourcesBuildPhase section */
		611FECDC1B8C4BD7009BC2A1 /* Sources */ = {
			isa = PBXSourcesBuildPhase;
			buildActionMask = 2147483647;
			files = (
				7E3123A41BB91F9300C91C29 /* UIView+DOPExtension.m in Sources */,
				7E0FE5FB1BABF3F500FDC653 /* wolanMsgViewController.m in Sources */,
				7E0FE5F31BABB7B400FDC653 /* wolanHomeViewController.m in Sources */,
				7E3123C21BBA606300C91C29 /* wolanMsgDetailViewController.m in Sources */,
				7E3123A11BB91EBB00C91C29 /* DOPNavbarMenu.m in Sources */,
				61BF678C1B8EF5E50061BEF2 /* MyAsyncSocket.m in Sources */,
				7E0FE5FE1BABF40300FDC653 /* wolanMy.m in Sources */,
				7E3123B91BB9439C00C91C29 /* wolanDataModel_Msg.m in Sources */,
				7EDF2EE31BB525AE002C0E30 /* TTUITableViewZoomController.m in Sources */,
				7E3123C81BBA61E000C91C29 /* wolanDataModel_Msg_Snd.m in Sources */,
				7EC3E80F1BB1229900D9B213 /* wolanDataModel.m in Sources */,
				611FECF41B8C4BD7009BC2A1 /* wolanAppDelegate.m in Sources */,
				61BF67931B902BEB0061BEF2 /* wolanLogin.m in Sources */,
				7EDF2EE01BB52332002C0E30 /* PullingRefreshTableView.m in Sources */,
				7E3123C71BBA61E000C91C29 /* wolanDataModel_Msg_Rec.m in Sources */,
				611FECF01B8C4BD7009BC2A1 /* main.m in Sources */,
			);
			runOnlyForDeploymentPostprocessing = 0;
		};
		611FED001B8C4BD8009BC2A1 /* Sources */ = {
			isa = PBXSourcesBuildPhase;
			buildActionMask = 2147483647;
			files = (
				611FED121B8C4BD8009BC2A1 /* wolanIMTests.m in Sources */,
			);
			runOnlyForDeploymentPostprocessing = 0;
		};
/* End PBXSourcesBuildPhase section */

/* Begin PBXTargetDependency section */
		611FED0A1B8C4BD8009BC2A1 /* PBXTargetDependency */ = {
			isa = PBXTargetDependency;
			target = 611FECDF1B8C4BD7009BC2A1 /* wolanIM */;
			targetProxy = 611FED091B8C4BD8009BC2A1 /* PBXContainerItemProxy */;
		};
/* End PBXTargetDependency section */

/* Begin PBXVariantGroup section */
		611FECEC1B8C4BD7009BC2A1 /* InfoPlist.strings */ = {
			isa = PBXVariantGroup;
			children = (
				611FECED1B8C4BD7009BC2A1 /* en */,
			);
			name = InfoPlist.strings;
			sourceTree = "<group>";
		};
		611FECF51B8C4BD8009BC2A1 /* Main.storyboard */ = {
			isa = PBXVariantGroup;
			children = (
				611FECF61B8C4BD8009BC2A1 /* Base */,
			);
			name = Main.storyboard;
			sourceTree = "<group>";
		};
		611FED0E1B8C4BD8009BC2A1 /* InfoPlist.strings */ = {
			isa = PBXVariantGroup;
			children = (
				611FED0F1B8C4BD8009BC2A1 /* en */,
			);
			name = InfoPlist.strings;
			sourceTree = "<group>";
		};
/* End PBXVariantGroup section */

/* Begin XCBuildConfiguration section */
		611FED131B8C4BD8009BC2A1 /* Debug */ = {
			isa = XCBuildConfiguration;
			buildSettings = {
				ALWAYS_SEARCH_USER_PATHS = NO;
				CLANG_CXX_LANGUAGE_STANDARD = "gnu++0x";
				CLANG_CXX_LIBRARY = "libc++";
				CLANG_ENABLE_MODULES = YES;
				CLANG_ENABLE_OBJC_ARC = YES;
				CLANG_WARN_BOOL_CONVERSION = YES;
				CLANG_WARN_CONSTANT_CONVERSION = YES;
				CLANG_WARN_DIRECT_OBJC_ISA_USAGE = YES_ERROR;
				CLANG_WARN_EMPTY_BODY = YES;
				CLANG_WARN_ENUM_CONVERSION = YES;
				CLANG_WARN_INT_CONVERSION = YES;
				CLANG_WARN_OBJC_ROOT_CLASS = YES_ERROR;
				CLANG_WARN__DUPLICATE_METHOD_MATCH = YES;
				"CODE_SIGN_IDENTITY[sdk=iphoneos*]" = "iPhone Developer";
				COPY_PHASE_STRIP = NO;
				GCC_C_LANGUAGE_STANDARD = gnu99;
				GCC_DYNAMIC_NO_PIC = NO;
				GCC_OPTIMIZATION_LEVEL = 0;
				GCC_PREPROCESSOR_DEFINITIONS = (
					"DEBUG=1",
					"$(inherited)",
				);
				GCC_SYMBOLS_PRIVATE_EXTERN = NO;
				GCC_WARN_64_TO_32_BIT_CONVERSION = YES;
				GCC_WARN_ABOUT_RETURN_TYPE = YES_ERROR;
				GCC_WARN_UNDECLARED_SELECTOR = YES;
				GCC_WARN_UNINITIALIZED_AUTOS = YES_AGGRESSIVE;
				GCC_WARN_UNUSED_FUNCTION = YES;
				GCC_WARN_UNUSED_VARIABLE = YES;
				IPHONEOS_DEPLOYMENT_TARGET = 7.1;
				ONLY_ACTIVE_ARCH = YES;
				SDKROOT = iphoneos;
			};
			name = Debug;
		};
		611FED141B8C4BD8009BC2A1 /* Release */ = {
			isa = XCBuildConfiguration;
			buildSettings = {
				ALWAYS_SEARCH_USER_PATHS = NO;
				CLANG_CXX_LANGUAGE_STANDARD = "gnu++0x";
				CLANG_CXX_LIBRARY = "libc++";
				CLANG_ENABLE_MODULES = YES;
				CLANG_ENABLE_OBJC_ARC = YES;
				CLANG_WARN_BOOL_CONVERSION = YES;
				CLANG_WARN_CONSTANT_CONVERSION = YES;
				CLANG_WARN_DIRECT_OBJC_ISA_USAGE = YES_ERROR;
				CLANG_WARN_EMPTY_BODY = YES;
				CLANG_WARN_ENUM_CONVERSION = YES;
				CLANG_WARN_INT_CONVERSION = YES;
				CLANG_WARN_OBJC_ROOT_CLASS = YES_ERROR;
				CLANG_WARN__DUPLICATE_METHOD_MATCH = YES;
				"CODE_SIGN_IDENTITY[sdk=iphoneos*]" = "iPhone Developer";
				COPY_PHASE_STRIP = YES;
				ENABLE_NS_ASSERTIONS = NO;
				GCC_C_LANGUAGE_STANDARD = gnu99;
				GCC_WARN_64_TO_32_BIT_CONVERSION = YES;
				GCC_WARN_ABOUT_RETURN_TYPE = YES_ERROR;
				GCC_WARN_UNDECLARED_SELECTOR = YES;
				GCC_WARN_UNINITIALIZED_AUTOS = YES_AGGRESSIVE;
				GCC_WARN_UNUSED_FUNCTION = YES;
				GCC_WARN_UNUSED_VARIABLE = YES;
				IPHONEOS_DEPLOYMENT_TARGET = 7.1;
				SDKROOT = iphoneos;
				VALIDATE_PRODUCT = YES;
			};
			name = Release;
		};
		611FED161B8C4BD8009BC2A1 /* Debug */ = {
			isa = XCBuildConfiguration;
			baseConfigurationReference = 962D68C150AFAD56621B3091 /* Pods.debug.xcconfig */;
			buildSettings = {
				ASSETCATALOG_COMPILER_APPICON_NAME = AppIcon;
				ASSETCATALOG_COMPILER_LAUNCHIMAGE_NAME = LaunchImage;
				GCC_PRECOMPILE_PREFIX_HEADER = YES;
				GCC_PREFIX_HEADER = "wolanIM/wolanIM-Prefix.pch";
				INFOPLIST_FILE = "wolanIM/wolanIM-Info.plist";
				PRODUCT_NAME = "$(TARGET_NAME)";
				WRAPPER_EXTENSION = app;
			};
			name = Debug;
		};
		611FED171B8C4BD8009BC2A1 /* Release */ = {
			isa = XCBuildConfiguration;
			baseConfigurationReference = 4263CF9AFDAD8442BB137005 /* Pods.release.xcconfig */;
			buildSettings = {
				ASSETCATALOG_COMPILER_APPICON_NAME = AppIcon;
				ASSETCATALOG_COMPILER_LAUNCHIMAGE_NAME = LaunchImage;
				GCC_PRECOMPILE_PREFIX_HEADER = YES;
				GCC_PREFIX_HEADER = "wolanIM/wolanIM-Prefix.pch";
				INFOPLIST_FILE = "wolanIM/wolanIM-Info.plist";
				PRODUCT_NAME = "$(TARGET_NAME)";
				WRAPPER_EXTENSION = app;
			};
			name = Release;
		};
		611FED191B8C4BD8009BC2A1 /* Debug */ = {
			isa = XCBuildConfiguration;
			buildSettings = {
				BUNDLE_LOADER = "$(BUILT_PRODUCTS_DIR)/wolanIM.app/wolanIM";
				FRAMEWORK_SEARCH_PATHS = (
					"$(SDKROOT)/Developer/Library/Frameworks",
					"$(inherited)",
					"$(DEVELOPER_FRAMEWORKS_DIR)",
				);
				GCC_PRECOMPILE_PREFIX_HEADER = YES;
				GCC_PREFIX_HEADER = "wolanIM/wolanIM-Prefix.pch";
				GCC_PREPROCESSOR_DEFINITIONS = (
					"DEBUG=1",
					"$(inherited)",
				);
				INFOPLIST_FILE = "wolanIMTests/wolanIMTests-Info.plist";
				PRODUCT_NAME = "$(TARGET_NAME)";
				TEST_HOST = "$(BUNDLE_LOADER)";
				WRAPPER_EXTENSION = xctest;
			};
			name = Debug;
		};
		611FED1A1B8C4BD8009BC2A1 /* Release */ = {
			isa = XCBuildConfiguration;
			buildSettings = {
				BUNDLE_LOADER = "$(BUILT_PRODUCTS_DIR)/wolanIM.app/wolanIM";
				FRAMEWORK_SEARCH_PATHS = (
					"$(SDKROOT)/Developer/Library/Frameworks",
					"$(inherited)",
					"$(DEVELOPER_FRAMEWORKS_DIR)",
				);
				GCC_PRECOMPILE_PREFIX_HEADER = YES;
				GCC_PREFIX_HEADER = "wolanIM/wolanIM-Prefix.pch";
				INFOPLIST_FILE = "wolanIMTests/wolanIMTests-Info.plist";
				PRODUCT_NAME = "$(TARGET_NAME)";
				TEST_HOST = "$(BUNDLE_LOADER)";
				WRAPPER_EXTENSION = xctest;
			};
			name = Release;
		};
/* End XCBuildConfiguration section */

/* Begin XCConfigurationList section */
		611FECDB1B8C4BD7009BC2A1 /* Build configuration list for PBXProject "wolanIM" */ = {
			isa = XCConfigurationList;
			buildConfigurations = (
				611FED131B8C4BD8009BC2A1 /* Debug */,
				611FED141B8C4BD8009BC2A1 /* Release */,
			);
			defaultConfigurationIsVisible = 0;
			defaultConfigurationName = Release;
		};
		611FED151B8C4BD8009BC2A1 /* Build configuration list for PBXNativeTarget "wolanIM" */ = {
			isa = XCConfigurationList;
			buildConfigurations = (
				611FED161B8C4BD8009BC2A1 /* Debug */,
				611FED171B8C4BD8009BC2A1 /* Release */,
			);
			defaultConfigurationIsVisible = 0;
			defaultConfigurationName = Release;
		};
		611FED181B8C4BD8009BC2A1 /* Build configuration list for PBXNativeTarget "wolanIMTests" */ = {
			isa = XCConfigurationList;
			buildConfigurations = (
				611FED191B8C4BD8009BC2A1 /* Debug */,
				611FED1A1B8C4BD8009BC2A1 /* Release */,
			);
			defaultConfigurationIsVisible = 0;
			defaultConfigurationName = Release;
		};
/* End XCConfigurationList section */
	};
	rootObject = 611FECD81B8C4BD7009BC2A1 /* Project object */;
}
